PODS:
  - Keys (1.0.1)
  - ReactorKit (1.2.1):
    - RxSwift (>= 4.0.0)
  - RxCocoa (5.0.0):
    - RxRelay (~> 5)
    - RxSwift (~> 5)
  - RxGesture (3.0.0):
    - RxCocoa (~> 5.0)
    - RxSwift (~> 5.0)
  - RxRelay (5.0.0):
    - RxSwift (~> 5)
  - RxSwift (5.0.0)
  - SPStorkController (1.7.5)
  - SwiftDate (6.0.3)

DEPENDENCIES:
  - Keys (from `Pods/CocoaPodsKeys`)
  - ReactorKit
  - RxCocoa (~> 5)
  - RxGesture
  - RxSwift (~> 5)
  - SPStorkController
  - "SwiftDate (from `git@github.com:touyu/SwiftDate.git`)"

SPEC REPOS:
  https://github.com/cocoapods/specs.git:
    - ReactorKit
    - RxCocoa
    - RxGesture
    - RxRelay
    - RxSwift
    - SPStorkController

EXTERNAL SOURCES:
  Keys:
    :path: Pods/CocoaPodsKeys
  SwiftDate:
    :git: "git@github.com:touyu/SwiftDate.git"

CHECKOUT OPTIONS:
  SwiftDate:
    :commit: 7d5f5da5727d0adc81e5d2b7d30cd55bec253a7d
    :git: "git@github.com:touyu/SwiftDate.git"

SPEC CHECKSUMS:
  Keys: a576f4c9c1c641ca913a959a9c62ed3f215a8de9
  ReactorKit: 8be57f0527ad1ac2963cd5c338274a46a01e57a3
  RxCocoa: fcf32050ac00d801f34a7f71d5e8e7f23026dcd8
  RxGesture: 0cd8e37ff9a266e1c31f46bcaed6de1c536bc81e
  RxRelay: 4f7409406a51a55cd88483f21ed898c234d60f18
  RxSwift: 8b0671caa829a763bbce7271095859121cbd895f
  SPStorkController: be4ae2a5ee052ad78782f6144ffe7e951300ea67
  SwiftDate: f86a9de882243beb90f8ada88a9108fbe8479c59

PODFILE CHECKSUM: cdabdbbfae99301a5f3eda71329444617c299da2

COCOAPODS: 1.5.3
