PODS:
  - APIKit (3.1.1):
    - Result (~> 3.0)
  - Himotoki (3.0.0)
  - Kingfisher (3.3.4)
  - Result (3.1.0)
  - XLPagerTabStrip (7.0.0)

DEPENDENCIES:
  - APIKit
  - Himotoki
  - Kingfisher
  - XLPagerTabStrip (~> 7.0)

SPEC CHECKSUMS:
  APIKit: 7460983f490d3bde6aaaaa4164d18c9865a6f91d
  Himotoki: df74b01035e86e021b7b04a15b033a7fd189b84f
  Kingfisher: 35f289f015d26e81ea6c85048718c6205f3933c6
  Result: 4e3ed5995ed94d0cd6a09be9a431fce3f3624bbf
  XLPagerTabStrip: 9be80a66c6b7d60306b2c0a6004965016d68f813

PODFILE CHECKSUM: c55b9db282ba444255de983c705cb3265b7ada3c

COCOAPODS: 1.1.1
