<?xml version="1.0" encoding="UTF-8"?>
<Scheme
   LastUpgradeVersion = "0820"
   version = "1.3">
   <BuildAction
      parallelizeBuildables = "YES"
      buildImplicitDependencies = "YES">
      <BuildActionEntries>
         <BuildActionEntry
            buildForTesting = "YES"
            buildForRunning = "YES"
            buildForProfiling = "YES"
            buildForArchiving = "YES"
            buildForAnalyzing = "YES">
            <BuildableReference
               BuildableIdentifier = "primary"
               BlueprintIdentifier = "D137D67B1E4D735E00F0FCFB"
               BuildableName = "Annict-for-iOS.app"
               BlueprintName = "Annict-for-iOS"
               ReferencedContainer = "container:Annict-for-iOS.xcodeproj">
            </BuildableReference>
         </BuildActionEntry>
      </BuildActionEntries>
   </BuildAction>
   <TestAction
      buildConfiguration = "Debug"
      selectedDebuggerIdentifier = "Xcode.DebuggerFoundation.Debugger.LLDB"
      selectedLauncherIdentifier = "Xcode.DebuggerFoundation.Launcher.LLDB"
      shouldUseLaunchSchemeArgsEnv = "YES">
      <Testables>
         <TestableReference
            skipped = "NO">
            <BuildableReference
               BuildableIdentifier = "primary"
               BlueprintIdentifier = "D137D68F1E4D735E00F0FCFB"
               BuildableName = "Annict-for-iOSTests.xctest"
               BlueprintName = "Annict-for-iOSTests"
               ReferencedContainer = "container:Annict-for-iOS.xcodeproj">
            </BuildableReference>
         </TestableReference>
         <TestableReference
            skipped = "NO">
            <BuildableReference
               BuildableIdentifier = "primary"
               BlueprintIdentifier = "D137D69A1E4D735E00F0FCFB"
               BuildableName = "Annict-for-iOSUITests.xctest"
               BlueprintName = "Annict-for-iOSUITests"
               ReferencedContainer = "container:Annict-for-iOS.xcodeproj">
            </BuildableReference>
         </TestableReference>
      </Testables>
      <MacroExpansion>
         <BuildableReference
            BuildableIdentifier = "primary"
            BlueprintIdentifier = "D137D67B1E4D735E00F0FCFB"
            BuildableName = "Annict-for-iOS.app"
            BlueprintName = "Annict-for-iOS"
            ReferencedContainer = "container:Annict-for-iOS.xcodeproj">
         </BuildableReference>
      </MacroExpansion>
      <AdditionalOptions>
      </AdditionalOptions>
   </TestAction>
   <LaunchAction
      buildConfiguration = "Debug"
      selectedDebuggerIdentifier = "Xcode.DebuggerFoundation.Debugger.LLDB"
      selectedLauncherIdentifier = "Xcode.DebuggerFoundation.Launcher.LLDB"
      launchStyle = "0"
      useCustomWorkingDirectory = "NO"
      ignoresPersistentStateOnLaunch = "NO"
      debugDocumentVersioning = "YES"
      debugServiceExtension = "internal"
      allowLocationSimulation = "YES">
      <BuildableProductRunnable
         runnableDebuggingMode = "0">
         <BuildableReference
            BuildableIdentifier = "primary"
            BlueprintIdentifier = "D137D67B1E4D735E00F0FCFB"
            BuildableName = "Annict-for-iOS.app"
            BlueprintName = "Annict-for-iOS"
            ReferencedContainer = "container:Annict-for-iOS.xcodeproj">
         </BuildableReference>
      </BuildableProductRunnable>
      <EnvironmentVariables>
         <EnvironmentVariable
            key = "annict_client_id"
            value = "1ee001b1da88e242db68fa73058d3bc4d4429da0da4c0cb206b068efd9f0a97f"
            isEnabled = "YES">
         </EnvironmentVariable>
         <EnvironmentVariable
            key = "annict_client_secret"
            value = "19a61c37a010f1f2c77746aaff6ba6d2d6c91cc96f10a5b5f2c234f13da8c69e"
            isEnabled = "YES">
         </EnvironmentVariable>
      </EnvironmentVariables>
      <AdditionalOptions>
      </AdditionalOptions>
   </LaunchAction>
   <ProfileAction
      buildConfiguration = "Release"
      shouldUseLaunchSchemeArgsEnv = "YES"
      savedToolIdentifier = ""
      useCustomWorkingDirectory = "NO"
      debugDocumentVersioning = "YES">
      <BuildableProductRunnable
         runnableDebuggingMode = "0">
         <BuildableReference
            BuildableIdentifier = "primary"
            BlueprintIdentifier = "D137D67B1E4D735E00F0FCFB"
            BuildableName = "Annict-for-iOS.app"
            BlueprintName = "Annict-for-iOS"
            ReferencedContainer = "container:Annict-for-iOS.xcodeproj">
         </BuildableReference>
      </BuildableProductRunnable>
   </ProfileAction>
   <AnalyzeAction
      buildConfiguration = "Debug">
   </AnalyzeAction>
   <ArchiveAction
      buildConfiguration = "Release"
      revealArchiveInOrganizer = "YES">
   </ArchiveAction>
</Scheme>
