// !$*UTF8*$!
{
	archiveVersion = 1;
	classes = {
	};
	objectVersion = 46;
	objects = {

/* Begin PBXBuildFile section */
		D137D6801E4D735E00F0FCFB /* AppDelegate.swift in Sources */ = {isa = PBXBuildFile; fileRef = D137D67F1E4D735E00F0FCFB /* AppDelegate.swift */; };
		D137D6821E4D735E00F0FCFB /* ViewController.swift in Sources */ = {isa = PBXBuildFile; fileRef = D137D6811E4D735E00F0FCFB /* ViewController.swift */; };
		D137D6851E4D735E00F0FCFB /* Main.storyboard in Resources */ = {isa = PBXBuildFile; fileRef = D137D6831E4D735E00F0FCFB /* Main.storyboard */; };
		D137D6871E4D735E00F0FCFB /* Assets.xcassets in Resources */ = {isa = PBXBuildFile; fileRef = D137D6861E4D735E00F0FCFB /* Assets.xcassets */; };
		D137D68A1E4D735E00F0FCFB /* LaunchScreen.storyboard in Resources */ = {isa = PBXBuildFile; fileRef = D137D6881E4D735E00F0FCFB /* LaunchScreen.storyboard */; };
		D137D6951E4D735E00F0FCFB /* Annict_for_iOSTests.swift in Sources */ = {isa = PBXBuildFile; fileRef = D137D6941E4D735E00F0FCFB /* Annict_for_iOSTests.swift */; };
		D137D6A01E4D735E00F0FCFB /* Annict_for_iOSUITests.swift in Sources */ = {isa = PBXBuildFile; fileRef = D137D69F1E4D735E00F0FCFB /* Annict_for_iOSUITests.swift */; };
/* End PBXBuildFile section */

/* Begin PBXContainerItemProxy section */
		D137D6911E4D735E00F0FCFB /* PBXContainerItemProxy */ = {
			isa = PBXContainerItemProxy;
			containerPortal = D137D6741E4D735E00F0FCFB /* Project object */;
			proxyType = 1;
			remoteGlobalIDString = D137D67B1E4D735E00F0FCFB;
			remoteInfo = "Annict-for-iOS";
		};
		D137D69C1E4D735E00F0FCFB /* PBXContainerItemProxy */ = {
			isa = PBXContainerItemProxy;
			containerPortal = D137D6741E4D735E00F0FCFB /* Project object */;
			proxyType = 1;
			remoteGlobalIDString = D137D67B1E4D735E00F0FCFB;
			remoteInfo = "Annict-for-iOS";
		};
/* End PBXContainerItemProxy section */

/* Begin PBXFileReference section */
		D137D67C1E4D735E00F0FCFB /* Annict-for-iOS.app */ = {isa = PBXFileReference; explicitFileType = wrapper.application; includeInIndex = 0; path = "Annict-for-iOS.app"; sourceTree = BUILT_PRODUCTS_DIR; };
		D137D67F1E4D735E00F0FCFB /* AppDelegate.swift */ = {isa = PBXFileReference; lastKnownFileType = sourcecode.swift; path = AppDelegate.swift; sourceTree = "<group>"; };
		D137D6811E4D735E00F0FCFB /* ViewController.swift */ = {isa = PBXFileReference; lastKnownFileType = sourcecode.swift; path = ViewController.swift; sourceTree = "<group>"; };
		D137D6841E4D735E00F0FCFB /* Base */ = {isa = PBXFileReference; lastKnownFileType = file.storyboard; name = Base; path = Base.lproj/Main.storyboard; sourceTree = "<group>"; };
		D137D6861E4D735E00F0FCFB /* Assets.xcassets */ = {isa = PBXFileReference; lastKnownFileType = folder.assetcatalog; path = Assets.xcassets; sourceTree = "<group>"; };
		D137D6891E4D735E00F0FCFB /* Base */ = {isa = PBXFileReference; lastKnownFileType = file.storyboard; name = Base; path = Base.lproj/LaunchScreen.storyboard; sourceTree = "<group>"; };
		D137D68B1E4D735E00F0FCFB /* Info.plist */ = {isa = PBXFileReference; lastKnownFileType = text.plist.xml; path = Info.plist; sourceTree = "<group>"; };
		D137D6901E4D735E00F0FCFB /* Annict-for-iOSTests.xctest */ = {isa = PBXFileReference; explicitFileType = wrapper.cfbundle; includeInIndex = 0; path = "Annict-for-iOSTests.xctest"; sourceTree = BUILT_PRODUCTS_DIR; };
		D137D6941E4D735E00F0FCFB /* Annict_for_iOSTests.swift */ = {isa = PBXFileReference; lastKnownFileType = sourcecode.swift; path = Annict_for_iOSTests.swift; sourceTree = "<group>"; };
		D137D6961E4D735E00F0FCFB /* Info.plist */ = {isa = PBXFileReference; lastKnownFileType = text.plist.xml; path = Info.plist; sourceTree = "<group>"; };
		D137D69B1E4D735E00F0FCFB /* Annict-for-iOSUITests.xctest */ = {isa = PBXFileReference; explicitFileType = wrapper.cfbundle; includeInIndex = 0; path = "Annict-for-iOSUITests.xctest"; sourceTree = BUILT_PRODUCTS_DIR; };
		D137D69F1E4D735E00F0FCFB /* Annict_for_iOSUITests.swift */ = {isa = PBXFileReference; lastKnownFileType = sourcecode.swift; path = Annict_for_iOSUITests.swift; sourceTree = "<group>"; };
		D137D6A11E4D735E00F0FCFB /* Info.plist */ = {isa = PBXFileReference; lastKnownFileType = text.plist.xml; path = Info.plist; sourceTree = "<group>"; };
/* End PBXFileReference section */

/* Begin PBXFrameworksBuildPhase section */
		D137D6791E4D735E00F0FCFB /* Frameworks */ = {
			isa = PBXFrameworksBuildPhase;
			buildActionMask = 2147483647;
			files = (
			);
			runOnlyForDeploymentPostprocessing = 0;
		};
		D137D68D1E4D735E00F0FCFB /* Frameworks */ = {
			isa = PBXFrameworksBuildPhase;
			buildActionMask = 2147483647;
			files = (
			);
			runOnlyForDeploymentPostprocessing = 0;
		};
		D137D6981E4D735E00F0FCFB /* Frameworks */ = {
			isa = PBXFrameworksBuildPhase;
			buildActionMask = 2147483647;
			files = (
			);
			runOnlyForDeploymentPostprocessing = 0;
		};
/* End PBXFrameworksBuildPhase section */

/* Begin PBXGroup section */
		D137D6731E4D735E00F0FCFB = {
			isa = PBXGroup;
			children = (
				D137D67E1E4D735E00F0FCFB /* Annict-for-iOS */,
				D137D6931E4D735E00F0FCFB /* Annict-for-iOSTests */,
				D137D69E1E4D735E00F0FCFB /* Annict-for-iOSUITests */,
				D137D67D1E4D735E00F0FCFB /* Products */,
			);
			sourceTree = "<group>";
		};
		D137D67D1E4D735E00F0FCFB /* Products */ = {
			isa = PBXGroup;
			children = (
				D137D67C1E4D735E00F0FCFB /* Annict-for-iOS.app */,
				D137D6901E4D735E00F0FCFB /* Annict-for-iOSTests.xctest */,
				D137D69B1E4D735E00F0FCFB /* Annict-for-iOSUITests.xctest */,
			);
			name = Products;
			sourceTree = "<group>";
		};
		D137D67E1E4D735E00F0FCFB /* Annict-for-iOS */ = {
			isa = PBXGroup;
			children = (
				D137D67F1E4D735E00F0FCFB /* AppDelegate.swift */,
				D137D6811E4D735E00F0FCFB /* ViewController.swift */,
				D137D6831E4D735E00F0FCFB /* Main.storyboard */,
				D137D6861E4D735E00F0FCFB /* Assets.xcassets */,
				D137D6881E4D735E00F0FCFB /* LaunchScreen.storyboard */,
				D137D68B1E4D735E00F0FCFB /* Info.plist */,
			);
			path = "Annict-for-iOS";
			sourceTree = "<group>";
		};
		D137D6931E4D735E00F0FCFB /* Annict-for-iOSTests */ = {
			isa = PBXGroup;
			children = (
				D137D6941E4D735E00F0FCFB /* Annict_for_iOSTests.swift */,
				D137D6961E4D735E00F0FCFB /* Info.plist */,
			);
			path = "Annict-for-iOSTests";
			sourceTree = "<group>";
		};
		D137D69E1E4D735E00F0FCFB /* Annict-for-iOSUITests */ = {
			isa = PBXGroup;
			children = (
				D137D69F1E4D735E00F0FCFB /* Annict_for_iOSUITests.swift */,
				D137D6A11E4D735E00F0FCFB /* Info.plist */,
			);
			path = "Annict-for-iOSUITests";
			sourceTree = "<group>";
		};
/* End PBXGroup section */

/* Begin PBXNativeTarget section */
		D137D67B1E4D735E00F0FCFB /* Annict-for-iOS */ = {
			isa = PBXNativeTarget;
			buildConfigurationList = D137D6A41E4D735E00F0FCFB /* Build configuration list for PBXNativeTarget "Annict-for-iOS" */;
			buildPhases = (
				D137D6781E4D735E00F0FCFB /* Sources */,
				D137D6791E4D735E00F0FCFB /* Frameworks */,
				D137D67A1E4D735E00F0FCFB /* Resources */,
			);
			buildRules = (
			);
			dependencies = (
			);
			name = "Annict-for-iOS";
			productName = "Annict-for-iOS";
			productReference = D137D67C1E4D735E00F0FCFB /* Annict-for-iOS.app */;
			productType = "com.apple.product-type.application";
		};
		D137D68F1E4D735E00F0FCFB /* Annict-for-iOSTests */ = {
			isa = PBXNativeTarget;
			buildConfigurationList = D137D6A71E4D735E00F0FCFB /* Build configuration list for PBXNativeTarget "Annict-for-iOSTests" */;
			buildPhases = (
				D137D68C1E4D735E00F0FCFB /* Sources */,
				D137D68D1E4D735E00F0FCFB /* Frameworks */,
				D137D68E1E4D735E00F0FCFB /* Resources */,
			);
			buildRules = (
			);
			dependencies = (
				D137D6921E4D735E00F0FCFB /* PBXTargetDependency */,
			);
			name = "Annict-for-iOSTests";
			productName = "Annict-for-iOSTests";
			productReference = D137D6901E4D735E00F0FCFB /* Annict-for-iOSTests.xctest */;
			productType = "com.apple.product-type.bundle.unit-test";
		};
		D137D69A1E4D735E00F0FCFB /* Annict-for-iOSUITests */ = {
			isa = PBXNativeTarget;
			buildConfigurationList = D137D6AA1E4D735E00F0FCFB /* Build configuration list for PBXNativeTarget "Annict-for-iOSUITests" */;
			buildPhases = (
				D137D6971E4D735E00F0FCFB /* Sources */,
				D137D6981E4D735E00F0FCFB /* Frameworks */,
				D137D6991E4D735E00F0FCFB /* Resources */,
			);
			buildRules = (
			);
			dependencies = (
				D137D69D1E4D735E00F0FCFB /* PBXTargetDependency */,
			);
			name = "Annict-for-iOSUITests";
			productName = "Annict-for-iOSUITests";
			productReference = D137D69B1E4D735E00F0FCFB /* Annict-for-iOSUITests.xctest */;
			productType = "com.apple.product-type.bundle.ui-testing";
		};
/* End PBXNativeTarget section */

/* Begin PBXProject section */
		D137D6741E4D735E00F0FCFB /* Project object */ = {
			isa = PBXProject;
			attributes = {
				LastSwiftUpdateCheck = 0820;
				LastUpgradeCheck = 0820;
				ORGANIZATIONNAME = "Yuto Akiba";
				TargetAttributes = {
					D137D67B1E4D735E00F0FCFB = {
						CreatedOnToolsVersion = 8.2.1;
						DevelopmentTeam = V8AZ23YEL4;
						ProvisioningStyle = Automatic;
					};
					D137D68F1E4D735E00F0FCFB = {
						CreatedOnToolsVersion = 8.2.1;
						DevelopmentTeam = V8AZ23YEL4;
						ProvisioningStyle = Automatic;
						TestTargetID = D137D67B1E4D735E00F0FCFB;
					};
					D137D69A1E4D735E00F0FCFB = {
						CreatedOnToolsVersion = 8.2.1;
						DevelopmentTeam = V8AZ23YEL4;
						ProvisioningStyle = Automatic;
						TestTargetID = D137D67B1E4D735E00F0FCFB;
					};
				};
			};
			buildConfigurationList = D137D6771E4D735E00F0FCFB /* Build configuration list for PBXProject "Annict-for-iOS" */;
			compatibilityVersion = "Xcode 3.2";
			developmentRegion = English;
			hasScannedForEncodings = 0;
			knownRegions = (
				en,
				Base,
			);
			mainGroup = D137D6731E4D735E00F0FCFB;
			productRefGroup = D137D67D1E4D735E00F0FCFB /* Products */;
			projectDirPath = "";
			projectRoot = "";
			targets = (
				D137D67B1E4D735E00F0FCFB /* Annict-for-iOS */,
				D137D68F1E4D735E00F0FCFB /* Annict-for-iOSTests */,
				D137D69A1E4D735E00F0FCFB /* Annict-for-iOSUITests */,
			);
		};
/* End PBXProject section */

/* Begin PBXResourcesBuildPhase section */
		D137D67A1E4D735E00F0FCFB /* Resources */ = {
			isa = PBXResourcesBuildPhase;
			buildActionMask = 2147483647;
			files = (
				D137D68A1E4D735E00F0FCFB /* LaunchScreen.storyboard in Resources */,
				D137D6871E4D735E00F0FCFB /* Assets.xcassets in Resources */,
				D137D6851E4D735E00F0FCFB /* Main.storyboard in Resources */,
			);
			runOnlyForDeploymentPostprocessing = 0;
		};
		D137D68E1E4D735E00F0FCFB /* Resources */ = {
			isa = PBXResourcesBuildPhase;
			buildActionMask = 2147483647;
			files = (
			);
			runOnlyForDeploymentPostprocessing = 0;
		};
		D137D6991E4D735E00F0FCFB /* Resources */ = {
			isa = PBXResourcesBuildPhase;
			buildActionMask = 2147483647;
			files = (
			);
			runOnlyForDeploymentPostprocessing = 0;
		};
/* End PBXResourcesBuildPhase section */

/* Begin PBXSourcesBuildPhase section */
		D137D6781E4D735E00F0FCFB /* Sources */ = {
			isa = PBXSourcesBuildPhase;
			buildActionMask = 2147483647;
			files = (
				D137D6821E4D735E00F0FCFB /* ViewController.swift in Sources */,
				D137D6801E4D735E00F0FCFB /* AppDelegate.swift in Sources */,
			);
			runOnlyForDeploymentPostprocessing = 0;
		};
		D137D68C1E4D735E00F0FCFB /* Sources */ = {
			isa = PBXSourcesBuildPhase;
			buildActionMask = 2147483647;
			files = (
				D137D6951E4D735E00F0FCFB /* Annict_for_iOSTests.swift in Sources */,
			);
			runOnlyForDeploymentPostprocessing = 0;
		};
		D137D6971E4D735E00F0FCFB /* Sources */ = {
			isa = PBXSourcesBuildPhase;
			buildActionMask = 2147483647;
			files = (
				D137D6A01E4D735E00F0FCFB /* Annict_for_iOSUITests.swift in Sources */,
			);
			runOnlyForDeploymentPostprocessing = 0;
		};
/* End PBXSourcesBuildPhase section */

/* Begin PBXTargetDependency section */
		D137D6921E4D735E00F0FCFB /* PBXTargetDependency */ = {
			isa = PBXTargetDependency;
			target = D137D67B1E4D735E00F0FCFB /* Annict-for-iOS */;
			targetProxy = D137D6911E4D735E00F0FCFB /* PBXContainerItemProxy */;
		};
		D137D69D1E4D735E00F0FCFB /* PBXTargetDependency */ = {
			isa = PBXTargetDependency;
			target = D137D67B1E4D735E00F0FCFB /* Annict-for-iOS */;
			targetProxy = D137D69C1E4D735E00F0FCFB /* PBXContainerItemProxy */;
		};
/* End PBXTargetDependency section */

/* Begin PBXVariantGroup section */
		D137D6831E4D735E00F0FCFB /* Main.storyboard */ = {
			isa = PBXVariantGroup;
			children = (
				D137D6841E4D735E00F0FCFB /* Base */,
			);
			name = Main.storyboard;
			sourceTree = "<group>";
		};
		D137D6881E4D735E00F0FCFB /* LaunchScreen.storyboard */ = {
			isa = PBXVariantGroup;
			children = (
				D137D6891E4D735E00F0FCFB /* Base */,
			);
			name = LaunchScreen.storyboard;
			sourceTree = "<group>";
		};
/* End PBXVariantGroup section */

/* Begin XCBuildConfiguration section */
		D137D6A21E4D735E00F0FCFB /* Debug */ = {
			isa = XCBuildConfiguration;
			buildSettings = {
				ALWAYS_SEARCH_USER_PATHS = NO;
				CLANG_ANALYZER_NONNULL = YES;
				CLANG_CXX_LANGUAGE_STANDARD = "gnu++0x";
				CLANG_CXX_LIBRARY = "libc++";
				CLANG_ENABLE_MODULES = YES;
				CLANG_ENABLE_OBJC_ARC = YES;
				CLANG_WARN_BOOL_CONVERSION = YES;
				CLANG_WARN_CONSTANT_CONVERSION = YES;
				CLANG_WARN_DIRECT_OBJC_ISA_USAGE = YES_ERROR;
				CLANG_WARN_DOCUMENTATION_COMMENTS = YES;
				CLANG_WARN_EMPTY_BODY = YES;
				CLANG_WARN_ENUM_CONVERSION = YES;
				CLANG_WARN_INFINITE_RECURSION = YES;
				CLANG_WARN_INT_CONVERSION = YES;
				CLANG_WARN_OBJC_ROOT_CLASS = YES_ERROR;
				CLANG_WARN_SUSPICIOUS_MOVE = YES;
				CLANG_WARN_UNREACHABLE_CODE = YES;
				CLANG_WARN__DUPLICATE_METHOD_MATCH = YES;
				"CODE_SIGN_IDENTITY[sdk=iphoneos*]" = "iPhone Developer";
				COPY_PHASE_STRIP = NO;
				DEBUG_INFORMATION_FORMAT = dwarf;
				ENABLE_STRICT_OBJC_MSGSEND = YES;
				ENABLE_TESTABILITY = YES;
				GCC_C_LANGUAGE_STANDARD = gnu99;
				GCC_DYNAMIC_NO_PIC = NO;
				GCC_NO_COMMON_BLOCKS = YES;
				GCC_OPTIMIZATION_LEVEL = 0;
				GCC_PREPROCESSOR_DEFINITIONS = (
					"DEBUG=1",
					"$(inherited)",
				);
				GCC_WARN_64_TO_32_BIT_CONVERSION = YES;
				GCC_WARN_ABOUT_RETURN_TYPE = YES_ERROR;
				GCC_WARN_UNDECLARED_SELECTOR = YES;
				GCC_WARN_UNINITIALIZED_AUTOS = YES_AGGRESSIVE;
				GCC_WARN_UNUSED_FUNCTION = YES;
				GCC_WARN_UNUSED_VARIABLE = YES;
				IPHONEOS_DEPLOYMENT_TARGET = 10.2;
				MTL_ENABLE_DEBUG_INFO = YES;
				ONLY_ACTIVE_ARCH = YES;
				SDKROOT = iphoneos;
				SWIFT_ACTIVE_COMPILATION_CONDITIONS = DEBUG;
				SWIFT_OPTIMIZATION_LEVEL = "-Onone";
				TARGETED_DEVICE_FAMILY = "1,2";
			};
			name = Debug;
		};
		D137D6A31E4D735E00F0FCFB /* Release */ = {
			isa = XCBuildConfiguration;
			buildSettings = {
				ALWAYS_SEARCH_USER_PATHS = NO;
				CLANG_ANALYZER_NONNULL = YES;
				CLANG_CXX_LANGUAGE_STANDARD = "gnu++0x";
				CLANG_CXX_LIBRARY = "libc++";
				CLANG_ENABLE_MODULES = YES;
				CLANG_ENABLE_OBJC_ARC = YES;
				CLANG_WARN_BOOL_CONVERSION = YES;
				CLANG_WARN_CONSTANT_CONVERSION = YES;
				CLANG_WARN_DIRECT_OBJC_ISA_USAGE = YES_ERROR;
				CLANG_WARN_DOCUMENTATION_COMMENTS = YES;
				CLANG_WARN_EMPTY_BODY = YES;
				CLANG_WARN_ENUM_CONVERSION = YES;
				CLANG_WARN_INFINITE_RECURSION = YES;
				CLANG_WARN_INT_CONVERSION = YES;
				CLANG_WARN_OBJC_ROOT_CLASS = YES_ERROR;
				CLANG_WARN_SUSPICIOUS_MOVE = YES;
				CLANG_WARN_UNREACHABLE_CODE = YES;
				CLANG_WARN__DUPLICATE_METHOD_MATCH = YES;
				"CODE_SIGN_IDENTITY[sdk=iphoneos*]" = "iPhone Developer";
				COPY_PHASE_STRIP = NO;
				DEBUG_INFORMATION_FORMAT = "dwarf-with-dsym";
				ENABLE_NS_ASSERTIONS = NO;
				ENABLE_STRICT_OBJC_MSGSEND = YES;
				GCC_C_LANGUAGE_STANDARD = gnu99;
				GCC_NO_COMMON_BLOCKS = YES;
				GCC_WARN_64_TO_32_BIT_CONVERSION = YES;
				GCC_WARN_ABOUT_RETURN_TYPE = YES_ERROR;
				GCC_WARN_UNDECLARED_SELECTOR = YES;
				GCC_WARN_UNINITIALIZED_AUTOS = YES_AGGRESSIVE;
				GCC_WARN_UNUSED_FUNCTION = YES;
				GCC_WARN_UNUSED_VARIABLE = YES;
				IPHONEOS_DEPLOYMENT_TARGET = 10.2;
				MTL_ENABLE_DEBUG_INFO = NO;
				SDKROOT = iphoneos;
				SWIFT_OPTIMIZATION_LEVEL = "-Owholemodule";
				TARGETED_DEVICE_FAMILY = "1,2";
				VALIDATE_PRODUCT = YES;
			};
			name = Release;
		};
		D137D6A51E4D735E00F0FCFB /* Debug */ = {
			isa = XCBuildConfiguration;
			buildSettings = {
				ASSETCATALOG_COMPILER_APPICON_NAME = AppIcon;
				DEVELOPMENT_TEAM = V8AZ23YEL4;
				INFOPLIST_FILE = "Annict-for-iOS/Info.plist";
				LD_RUNPATH_SEARCH_PATHS = "$(inherited) @executable_path/Frameworks";
				PRODUCT_BUNDLE_IDENTIFIER = "com.YutoAkiba.Annict-for-iOS";
				PRODUCT_NAME = "$(TARGET_NAME)";
				SWIFT_VERSION = 3.0;
			};
			name = Debug;
		};
		D137D6A61E4D735E00F0FCFB /* Release */ = {
			isa = XCBuildConfiguration;
			buildSettings = {
				ASSETCATALOG_COMPILER_APPICON_NAME = AppIcon;
				DEVELOPMENT_TEAM = V8AZ23YEL4;
				INFOPLIST_FILE = "Annict-for-iOS/Info.plist";
				LD_RUNPATH_SEARCH_PATHS = "$(inherited) @executable_path/Frameworks";
				PRODUCT_BUNDLE_IDENTIFIER = "com.YutoAkiba.Annict-for-iOS";
				PRODUCT_NAME = "$(TARGET_NAME)";
				SWIFT_VERSION = 3.0;
			};
			name = Release;
		};
		D137D6A81E4D735E00F0FCFB /* Debug */ = {
			isa = XCBuildConfiguration;
			buildSettings = {
				ALWAYS_EMBED_SWIFT_STANDARD_LIBRARIES = YES;
				BUNDLE_LOADER = "$(TEST_HOST)";
				DEVELOPMENT_TEAM = V8AZ23YEL4;
				INFOPLIST_FILE = "Annict-for-iOSTests/Info.plist";
				LD_RUNPATH_SEARCH_PATHS = "$(inherited) @executable_path/Frameworks @loader_path/Frameworks";
				PRODUCT_BUNDLE_IDENTIFIER = "com.YutoAkiba.Annict-for-iOSTests";
				PRODUCT_NAME = "$(TARGET_NAME)";
				SWIFT_VERSION = 3.0;
				TEST_HOST = "$(BUILT_PRODUCTS_DIR)/Annict-for-iOS.app/Annict-for-iOS";
			};
			name = Debug;
		};
		D137D6A91E4D735E00F0FCFB /* Release */ = {
			isa = XCBuildConfiguration;
			buildSettings = {
				ALWAYS_EMBED_SWIFT_STANDARD_LIBRARIES = YES;
				BUNDLE_LOADER = "$(TEST_HOST)";
				DEVELOPMENT_TEAM = V8AZ23YEL4;
				INFOPLIST_FILE = "Annict-for-iOSTests/Info.plist";
				LD_RUNPATH_SEARCH_PATHS = "$(inherited) @executable_path/Frameworks @loader_path/Frameworks";
				PRODUCT_BUNDLE_IDENTIFIER = "com.YutoAkiba.Annict-for-iOSTests";
				PRODUCT_NAME = "$(TARGET_NAME)";
				SWIFT_VERSION = 3.0;
				TEST_HOST = "$(BUILT_PRODUCTS_DIR)/Annict-for-iOS.app/Annict-for-iOS";
			};
			name = Release;
		};
		D137D6AB1E4D735E00F0FCFB /* Debug */ = {
			isa = XCBuildConfiguration;
			buildSettings = {
				ALWAYS_EMBED_SWIFT_STANDARD_LIBRARIES = YES;
				DEVELOPMENT_TEAM = V8AZ23YEL4;
				INFOPLIST_FILE = "Annict-for-iOSUITests/Info.plist";
				LD_RUNPATH_SEARCH_PATHS = "$(inherited) @executable_path/Frameworks @loader_path/Frameworks";
				PRODUCT_BUNDLE_IDENTIFIER = "com.YutoAkiba.Annict-for-iOSUITests";
				PRODUCT_NAME = "$(TARGET_NAME)";
				SWIFT_VERSION = 3.0;
				TEST_TARGET_NAME = "Annict-for-iOS";
			};
			name = Debug;
		};
		D137D6AC1E4D735E00F0FCFB /* Release */ = {
			isa = XCBuildConfiguration;
			buildSettings = {
				ALWAYS_EMBED_SWIFT_STANDARD_LIBRARIES = YES;
				DEVELOPMENT_TEAM = V8AZ23YEL4;
				INFOPLIST_FILE = "Annict-for-iOSUITests/Info.plist";
				LD_RUNPATH_SEARCH_PATHS = "$(inherited) @executable_path/Frameworks @loader_path/Frameworks";
				PRODUCT_BUNDLE_IDENTIFIER = "com.YutoAkiba.Annict-for-iOSUITests";
				PRODUCT_NAME = "$(TARGET_NAME)";
				SWIFT_VERSION = 3.0;
				TEST_TARGET_NAME = "Annict-for-iOS";
			};
			name = Release;
		};
/* End XCBuildConfiguration section */

/* Begin XCConfigurationList section */
		D137D6771E4D735E00F0FCFB /* Build configuration list for PBXProject "Annict-for-iOS" */ = {
			isa = XCConfigurationList;
			buildConfigurations = (
				D137D6A21E4D735E00F0FCFB /* Debug */,
				D137D6A31E4D735E00F0FCFB /* Release */,
			);
			defaultConfigurationIsVisible = 0;
			defaultConfigurationName = Release;
		};
		D137D6A41E4D735E00F0FCFB /* Build configuration list for PBXNativeTarget "Annict-for-iOS" */ = {
			isa = XCConfigurationList;
			buildConfigurations = (
				D137D6A51E4D735E00F0FCFB /* Debug */,
				D137D6A61E4D735E00F0FCFB /* Release */,
			);
			defaultConfigurationIsVisible = 0;
		};
		D137D6A71E4D735E00F0FCFB /* Build configuration list for PBXNativeTarget "Annict-for-iOSTests" */ = {
			isa = XCConfigurationList;
			buildConfigurations = (
				D137D6A81E4D735E00F0FCFB /* Debug */,
				D137D6A91E4D735E00F0FCFB /* Release */,
			);
			defaultConfigurationIsVisible = 0;
		};
		D137D6AA1E4D735E00F0FCFB /* Build configuration list for PBXNativeTarget "Annict-for-iOSUITests" */ = {
			isa = XCConfigurationList;
			buildConfigurations = (
				D137D6AB1E4D735E00F0FCFB /* Debug */,
				D137D6AC1E4D735E00F0FCFB /* Release */,
			);
			defaultConfigurationIsVisible = 0;
		};
/* End XCConfigurationList section */
	};
	rootObject = D137D6741E4D735E00F0FCFB /* Project object */;
}
