// !$*UTF8*$!
{
	archiveVersion = 1;
	classes = {
	};
	objectVersion = 50;
	objects = {

/* Begin PBXBuildFile section */
		C917CDDC4A16A7899040361A /* Pods_Annict_for_iOS.framework in Frameworks */ = {isa = PBXBuildFile; fileRef = 0567F169D06E4DEA7E47513F /* Pods_Annict_for_iOS.framework */; };
		D1013CCC217E23F7001C269B /* test.graphql in Resources */ = {isa = PBXBuildFile; fileRef = D1013CCB217E23F7001C269B /* test.graphql */; };
		D118FCBF217F1D1C00FD5B82 /* NotificationName.swift in Sources */ = {isa = PBXBuildFile; fileRef = D118FCBE217F1D1C00FD5B82 /* NotificationName.swift */; };
		D123F254217CBD2500AE38FD /* AppDelegate.swift in Sources */ = {isa = PBXBuildFile; fileRef = D123F253217CBD2500AE38FD /* AppDelegate.swift */; };
		D123F25B217CBD2600AE38FD /* Assets.xcassets in Resources */ = {isa = PBXBuildFile; fileRef = D123F25A217CBD2600AE38FD /* Assets.xcassets */; };
		D123F25E217CBD2600AE38FD /* LaunchScreen.storyboard in Resources */ = {isa = PBXBuildFile; fileRef = D123F25C217CBD2600AE38FD /* LaunchScreen.storyboard */; };
		D127410E217CCB4000DD09C2 /* ReactorKit.framework in Frameworks */ = {isa = PBXBuildFile; fileRef = D127410C217CCB4000DD09C2 /* ReactorKit.framework */; };
		D1274113217CCCF000DD09C2 /* RxCocoa.framework in Frameworks */ = {isa = PBXBuildFile; fileRef = D1274111217CCCF000DD09C2 /* RxCocoa.framework */; };
		D1274114217CCCF000DD09C2 /* RxSwift.framework in Frameworks */ = {isa = PBXBuildFile; fileRef = D1274112217CCCF000DD09C2 /* RxSwift.framework */; };
		D127411D217CDEF300DD09C2 /* BaseService.swift in Sources */ = {isa = PBXBuildFile; fileRef = D127411C217CDEF300DD09C2 /* BaseService.swift */; };
		D127411F217CDF1000DD09C2 /* ServiceProvider.swift in Sources */ = {isa = PBXBuildFile; fileRef = D127411E217CDF1000DD09C2 /* ServiceProvider.swift */; };
		D136EA6E2180439B00BA08EA /* UserDefaultsRepository.swift in Sources */ = {isa = PBXBuildFile; fileRef = D136EA6D2180439B00BA08EA /* UserDefaultsRepository.swift */; };
		D136EA7121807E9500BA08EA /* APIService.swift in Sources */ = {isa = PBXBuildFile; fileRef = D136EA7021807E9500BA08EA /* APIService.swift */; };
		D136EA742180885400BA08EA /* UserDefaultsService.swift in Sources */ = {isa = PBXBuildFile; fileRef = D136EA732180885400BA08EA /* UserDefaultsService.swift */; };
		D1621DE92186214900819D93 /* RootTabBarController.swift in Sources */ = {isa = PBXBuildFile; fileRef = D1621DE82186214900819D93 /* RootTabBarController.swift */; };
		D1621DEB2186218200819D93 /* RootTabBarController.storyboard in Resources */ = {isa = PBXBuildFile; fileRef = D1621DEA2186218200819D93 /* RootTabBarController.storyboard */; };
		D1621DF02186262300819D93 /* RecordViewReactor.swift in Sources */ = {isa = PBXBuildFile; fileRef = D1621DED2186262300819D93 /* RecordViewReactor.swift */; };
		D1621DF12186262300819D93 /* RecordViewController.storyboard in Resources */ = {isa = PBXBuildFile; fileRef = D1621DEE2186262300819D93 /* RecordViewController.storyboard */; };
		D1621DF22186262300819D93 /* RecordViewController.swift in Sources */ = {isa = PBXBuildFile; fileRef = D1621DEF2186262300819D93 /* RecordViewController.swift */; };
		D1621DF72186273200819D93 /* ProfileViewReactor.swift in Sources */ = {isa = PBXBuildFile; fileRef = D1621DF42186273200819D93 /* ProfileViewReactor.swift */; };
		D1621DF82186273200819D93 /* ProfileViewController.storyboard in Resources */ = {isa = PBXBuildFile; fileRef = D1621DF52186273200819D93 /* ProfileViewController.storyboard */; };
		D1621DF92186273200819D93 /* ProfileViewController.swift in Sources */ = {isa = PBXBuildFile; fileRef = D1621DF62186273200819D93 /* ProfileViewController.swift */; };
		D1621DFF21862BA600819D93 /* PostRecordViewReactor.swift in Sources */ = {isa = PBXBuildFile; fileRef = D1621DFC21862BA600819D93 /* PostRecordViewReactor.swift */; };
		D1621E0021862BA600819D93 /* PostRecordViewController.storyboard in Resources */ = {isa = PBXBuildFile; fileRef = D1621DFD21862BA600819D93 /* PostRecordViewController.storyboard */; };
		D1621E0121862BA600819D93 /* PostRecordViewController.swift in Sources */ = {isa = PBXBuildFile; fileRef = D1621DFE21862BA600819D93 /* PostRecordViewController.swift */; };
		D1621E0321862C3B00819D93 /* SemiModalPresentationController.swift in Sources */ = {isa = PBXBuildFile; fileRef = D1621E0221862C3B00819D93 /* SemiModalPresentationController.swift */; };
		D1621E0521862F4500819D93 /* PostRecordTransitioningDelegate.swift in Sources */ = {isa = PBXBuildFile; fileRef = D1621E0421862F4500819D93 /* PostRecordTransitioningDelegate.swift */; };
		D1621E0A2186BB9300819D93 /* GetViewerWatchingEpisodes.graphql in Resources */ = {isa = PBXBuildFile; fileRef = D1621E092186BB9300819D93 /* GetViewerWatchingEpisodes.graphql */; };
		D1621E0C2186BF5700819D93 /* API.swift in Sources */ = {isa = PBXBuildFile; fileRef = D1621E0B2186BF5700819D93 /* API.swift */; };
		D18389B321B05137004A072C /* SearchResultViewController.swift in Sources */ = {isa = PBXBuildFile; fileRef = D18389B221B05137004A072C /* SearchResultViewController.swift */; };
		D18389B521B05146004A072C /* SearchResultViewController.storyboard in Resources */ = {isa = PBXBuildFile; fileRef = D18389B421B05146004A072C /* SearchResultViewController.storyboard */; };
		D19718CD217E29D2009B5F0F /* RxApollo.swift in Sources */ = {isa = PBXBuildFile; fileRef = D19718CC217E29D2009B5F0F /* RxApollo.swift */; };
		D19718CF217E2ED3009B5F0F /* ObservableType.swift in Sources */ = {isa = PBXBuildFile; fileRef = D19718CE217E2ED3009B5F0F /* ObservableType.swift */; };
		D1AF34BA219B0921004DD229 /* GetViewerWorks.graphql in Resources */ = {isa = PBXBuildFile; fileRef = D1AF34B9219B0921004DD229 /* GetViewerWorks.graphql */; };
		D1AF34BC219B3CBF004DD229 /* GetViewerInfo.graphql in Resources */ = {isa = PBXBuildFile; fileRef = D1AF34BB219B3CBF004DD229 /* GetViewerInfo.graphql */; };
		D1AF34C1219B4042004DD229 /* UserInfoTableViewCell.swift in Sources */ = {isa = PBXBuildFile; fileRef = D1AF34BF219B4042004DD229 /* UserInfoTableViewCell.swift */; };
		D1AF34C2219B4042004DD229 /* UserInfoTableViewCell.xib in Resources */ = {isa = PBXBuildFile; fileRef = D1AF34C0219B4042004DD229 /* UserInfoTableViewCell.xib */; };
		D1AF34C4219B4202004DD229 /* UITableView.swift in Sources */ = {isa = PBXBuildFile; fileRef = D1AF34C3219B4202004DD229 /* UITableView.swift */; };
		D1AF34C6219B4238004DD229 /* UICollectionView.swift in Sources */ = {isa = PBXBuildFile; fileRef = D1AF34C5219B4238004DD229 /* UICollectionView.swift */; };
		D1B4F161217EB3770011BAFF /* RootViewController.swift in Sources */ = {isa = PBXBuildFile; fileRef = D1B4F160217EB3770011BAFF /* RootViewController.swift */; };
		D1B4F163217EB38D0011BAFF /* RootViewController.storyboard in Resources */ = {isa = PBXBuildFile; fileRef = D1B4F162217EB38D0011BAFF /* RootViewController.storyboard */; };
		D1B4F165217EB4080011BAFF /* RootViewReactor.swift in Sources */ = {isa = PBXBuildFile; fileRef = D1B4F164217EB4080011BAFF /* RootViewReactor.swift */; };
		D1B4F167217EB5E60011BAFF /* RxUIViewController.swift in Sources */ = {isa = PBXBuildFile; fileRef = D1B4F166217EB5E60011BAFF /* RxUIViewController.swift */; };
		D1B4F16A217EB8380011BAFF /* LoginViewController.swift in Sources */ = {isa = PBXBuildFile; fileRef = D1B4F169217EB8380011BAFF /* LoginViewController.swift */; };
		D1B4F16C217EB8580011BAFF /* LoginViewController.storyboard in Resources */ = {isa = PBXBuildFile; fileRef = D1B4F16B217EB8580011BAFF /* LoginViewController.storyboard */; };
		D1B4F16F217EB8A70011BAFF /* StoryboardLoadable.swift in Sources */ = {isa = PBXBuildFile; fileRef = D1B4F16E217EB8A70011BAFF /* StoryboardLoadable.swift */; };
		D1B4F171217EB8D50011BAFF /* NSObject.swift in Sources */ = {isa = PBXBuildFile; fileRef = D1B4F170217EB8D50011BAFF /* NSObject.swift */; };
		D1B4F172217EB9C00011BAFF /* ReactorKitRuntime.framework in Frameworks */ = {isa = PBXBuildFile; fileRef = D127410D217CCB4000DD09C2 /* ReactorKitRuntime.framework */; };
		D1B4F174217EBB940011BAFF /* UIView.swift in Sources */ = {isa = PBXBuildFile; fileRef = D1B4F173217EBB940011BAFF /* UIView.swift */; };
		D1B4F176217EBF200011BAFF /* LoginViewReactor.swift in Sources */ = {isa = PBXBuildFile; fileRef = D1B4F175217EBF200011BAFF /* LoginViewReactor.swift */; };
		D1B4F178217EC0970011BAFF /* Constants.swift in Sources */ = {isa = PBXBuildFile; fileRef = D1B4F177217EC0970011BAFF /* Constants.swift */; };
		D1BCB8C2217F327400B84F82 /* NotificationCenter.swift in Sources */ = {isa = PBXBuildFile; fileRef = D1BCB8C1217F327400B84F82 /* NotificationCenter.swift */; };
		D1BCB8C4217F350A00B84F82 /* HTTPClient.swift in Sources */ = {isa = PBXBuildFile; fileRef = D1BCB8C3217F350A00B84F82 /* HTTPClient.swift */; };
		D1BCB8C9217F3E8300B84F82 /* OauthTokenRequest.swift in Sources */ = {isa = PBXBuildFile; fileRef = D1BCB8C8217F3E8300B84F82 /* OauthTokenRequest.swift */; };
		D1BCB8CB217F451C00B84F82 /* UIApplication.swift in Sources */ = {isa = PBXBuildFile; fileRef = D1BCB8CA217F451C00B84F82 /* UIApplication.swift */; };
		D1BCB8CE217F469800B84F82 /* HomeViewController.swift in Sources */ = {isa = PBXBuildFile; fileRef = D1BCB8CD217F469800B84F82 /* HomeViewController.swift */; };
		D1BCB8D1217F46B600B84F82 /* HomeViewController.storyboard in Resources */ = {isa = PBXBuildFile; fileRef = D1BCB8D0217F46B600B84F82 /* HomeViewController.storyboard */; };
		D1BCB8D3217F4A3D00B84F82 /* HomeViewReactor.swift in Sources */ = {isa = PBXBuildFile; fileRef = D1BCB8D2217F4A3D00B84F82 /* HomeViewReactor.swift */; };
		D1F9143321AA6A61006986A1 /* Kingfisher.framework in Frameworks */ = {isa = PBXBuildFile; fileRef = D1F9143221AA6A61006986A1 /* Kingfisher.framework */; };
		D1F9143521AA74FA006986A1 /* NSMutableParagraphStyle.swift in Sources */ = {isa = PBXBuildFile; fileRef = D1F9143421AA74FA006986A1 /* NSMutableParagraphStyle.swift */; };
		D1F9143721AA756F006986A1 /* UIImageView.swift in Sources */ = {isa = PBXBuildFile; fileRef = D1F9143621AA756F006986A1 /* UIImageView.swift */; };
		D1F9143921AA75A0006986A1 /* URLConvertible.swift in Sources */ = {isa = PBXBuildFile; fileRef = D1F9143821AA75A0006986A1 /* URLConvertible.swift */; };
		D1F9143B21AA75C8006986A1 /* UIImage.swift in Sources */ = {isa = PBXBuildFile; fileRef = D1F9143A21AA75C8006986A1 /* UIImage.swift */; };
		D1F9143D21AA7615006986A1 /* CGSize.swift in Sources */ = {isa = PBXBuildFile; fileRef = D1F9143C21AA7615006986A1 /* CGSize.swift */; };
		D1F9144021AA7B4F006986A1 /* UserWorksWithSectionTitleCell.swift in Sources */ = {isa = PBXBuildFile; fileRef = D1F9143E21AA7B4F006986A1 /* UserWorksWithSectionTitleCell.swift */; };
		D1F9144121AA7B4F006986A1 /* UserWorksWithSectionTitleCell.xib in Resources */ = {isa = PBXBuildFile; fileRef = D1F9143F21AA7B4F006986A1 /* UserWorksWithSectionTitleCell.xib */; };
		D1F9144A21AA7FD2006986A1 /* UserWorkCollectionViewCell.swift in Sources */ = {isa = PBXBuildFile; fileRef = D1F9144821AA7FD2006986A1 /* UserWorkCollectionViewCell.swift */; };
		D1F9144B21AA7FD2006986A1 /* UserWorkCollectionViewCell.xib in Resources */ = {isa = PBXBuildFile; fileRef = D1F9144921AA7FD2006986A1 /* UserWorkCollectionViewCell.xib */; };
		D1F9144D21AA85C1006986A1 /* UIColor.swift in Sources */ = {isa = PBXBuildFile; fileRef = D1F9144C21AA85C1006986A1 /* UIColor.swift */; };
		D1FFB57921AE867B001099E6 /* StatusState.swift in Sources */ = {isa = PBXBuildFile; fileRef = D1FFB57821AE867B001099E6 /* StatusState.swift */; };
		D1FFB57B21AE8696001099E6 /* GraphQLSelectionSet.swift in Sources */ = {isa = PBXBuildFile; fileRef = D1FFB57A21AE8696001099E6 /* GraphQLSelectionSet.swift */; };
		D1FFB57F21AE98DD001099E6 /* AnnictGraphQL.swift in Sources */ = {isa = PBXBuildFile; fileRef = D1FFB57E21AE98DD001099E6 /* AnnictGraphQL.swift */; };
		D1FFB58421AECF04001099E6 /* RecordEpisodeTableViewCell.swift in Sources */ = {isa = PBXBuildFile; fileRef = D1FFB58221AECF04001099E6 /* RecordEpisodeTableViewCell.swift */; };
		D1FFB58521AECF04001099E6 /* RecordEpisodeTableViewCell.xib in Resources */ = {isa = PBXBuildFile; fileRef = D1FFB58321AECF04001099E6 /* RecordEpisodeTableViewCell.xib */; };
		D1FFB58721AED24F001099E6 /* Ornament.swift in Sources */ = {isa = PBXBuildFile; fileRef = D1FFB58621AED24F001099E6 /* Ornament.swift */; };
		D1FFB58A21AEE427001099E6 /* CreateRecord.graphql in Resources */ = {isa = PBXBuildFile; fileRef = D1FFB58921AEE427001099E6 /* CreateRecord.graphql */; };
		D1FFB58C21AEE904001099E6 /* EpisodeDetails.graphql in Resources */ = {isa = PBXBuildFile; fileRef = D1FFB58B21AEE904001099E6 /* EpisodeDetails.graphql */; };
		D1FFB58E21AEF3A3001099E6 /* RxUIScrollView.swift in Sources */ = {isa = PBXBuildFile; fileRef = D1FFB58D21AEF3A3001099E6 /* RxUIScrollView.swift */; };
		D1FFB59021AEF644001099E6 /* ActionClosurable.swift in Sources */ = {isa = PBXBuildFile; fileRef = D1FFB58F21AEF644001099E6 /* ActionClosurable.swift */; };
		D1FFB59321B03A14001099E6 /* Apollo.framework in Frameworks */ = {isa = PBXBuildFile; fileRef = D1FFB59121B03A13001099E6 /* Apollo.framework */; };
		D1FFB59421B03A14001099E6 /* ApolloSQLite.framework in Frameworks */ = {isa = PBXBuildFile; fileRef = D1FFB59221B03A13001099E6 /* ApolloSQLite.framework */; };
		D1FFB59621B03A4D001099E6 /* SQLite.framework in Frameworks */ = {isa = PBXBuildFile; fileRef = D1FFB59521B03A4D001099E6 /* SQLite.framework */; };
		D1FFB59A21B04693001099E6 /* SearchViewController.swift in Sources */ = {isa = PBXBuildFile; fileRef = D1FFB59921B04693001099E6 /* SearchViewController.swift */; };
		D1FFB59C21B046BE001099E6 /* SearchViewController.storyboard in Resources */ = {isa = PBXBuildFile; fileRef = D1FFB59B21B046BE001099E6 /* SearchViewController.storyboard */; };
/* End PBXBuildFile section */

/* Begin PBXFileReference section */
		0567F169D06E4DEA7E47513F /* Pods_Annict_for_iOS.framework */ = {isa = PBXFileReference; explicitFileType = wrapper.framework; includeInIndex = 0; path = Pods_Annict_for_iOS.framework; sourceTree = BUILT_PRODUCTS_DIR; };
		4C866238FE78822277121123 /* Pods-Annict-for-iOS.release.xcconfig */ = {isa = PBXFileReference; includeInIndex = 1; lastKnownFileType = text.xcconfig; name = "Pods-Annict-for-iOS.release.xcconfig"; path = "Pods/Target Support Files/Pods-Annict-for-iOS/Pods-Annict-for-iOS.release.xcconfig"; sourceTree = "<group>"; };
		CC015B11081256C34FD80D74 /* Pods-Annict-for-iOS.debug.xcconfig */ = {isa = PBXFileReference; includeInIndex = 1; lastKnownFileType = text.xcconfig; name = "Pods-Annict-for-iOS.debug.xcconfig"; path = "Pods/Target Support Files/Pods-Annict-for-iOS/Pods-Annict-for-iOS.debug.xcconfig"; sourceTree = "<group>"; };
		D1013CCB217E23F7001C269B /* test.graphql */ = {isa = PBXFileReference; lastKnownFileType = text; path = test.graphql; sourceTree = "<group>"; };
		D118FCBE217F1D1C00FD5B82 /* NotificationName.swift */ = {isa = PBXFileReference; lastKnownFileType = sourcecode.swift; path = NotificationName.swift; sourceTree = "<group>"; };
		D123F250217CBD2500AE38FD /* Annict-for-iOS.app */ = {isa = PBXFileReference; explicitFileType = wrapper.application; includeInIndex = 0; path = "Annict-for-iOS.app"; sourceTree = BUILT_PRODUCTS_DIR; };
		D123F253217CBD2500AE38FD /* AppDelegate.swift */ = {isa = PBXFileReference; lastKnownFileType = sourcecode.swift; path = AppDelegate.swift; sourceTree = "<group>"; };
		D123F25A217CBD2600AE38FD /* Assets.xcassets */ = {isa = PBXFileReference; lastKnownFileType = folder.assetcatalog; path = Assets.xcassets; sourceTree = "<group>"; };
		D123F25D217CBD2600AE38FD /* Base */ = {isa = PBXFileReference; lastKnownFileType = file.storyboard; name = Base; path = Base.lproj/LaunchScreen.storyboard; sourceTree = "<group>"; };
		D123F25F217CBD2600AE38FD /* Info.plist */ = {isa = PBXFileReference; lastKnownFileType = text.plist.xml; path = Info.plist; sourceTree = "<group>"; };
		D127410C217CCB4000DD09C2 /* ReactorKit.framework */ = {isa = PBXFileReference; lastKnownFileType = wrapper.framework; name = ReactorKit.framework; path = Carthage/Build/iOS/ReactorKit.framework; sourceTree = "<group>"; };
		D127410D217CCB4000DD09C2 /* ReactorKitRuntime.framework */ = {isa = PBXFileReference; lastKnownFileType = wrapper.framework; name = ReactorKitRuntime.framework; path = Carthage/Build/iOS/ReactorKitRuntime.framework; sourceTree = "<group>"; };
		D1274111217CCCF000DD09C2 /* RxCocoa.framework */ = {isa = PBXFileReference; lastKnownFileType = wrapper.framework; name = RxCocoa.framework; path = Carthage/Build/iOS/RxCocoa.framework; sourceTree = "<group>"; };
		D1274112217CCCF000DD09C2 /* RxSwift.framework */ = {isa = PBXFileReference; lastKnownFileType = wrapper.framework; name = RxSwift.framework; path = Carthage/Build/iOS/RxSwift.framework; sourceTree = "<group>"; };
		D127411C217CDEF300DD09C2 /* BaseService.swift */ = {isa = PBXFileReference; lastKnownFileType = sourcecode.swift; path = BaseService.swift; sourceTree = "<group>"; };
		D127411E217CDF1000DD09C2 /* ServiceProvider.swift */ = {isa = PBXFileReference; lastKnownFileType = sourcecode.swift; path = ServiceProvider.swift; sourceTree = "<group>"; };
		D136EA6D2180439B00BA08EA /* UserDefaultsRepository.swift */ = {isa = PBXFileReference; lastKnownFileType = sourcecode.swift; path = UserDefaultsRepository.swift; sourceTree = "<group>"; };
		D136EA7021807E9500BA08EA /* APIService.swift */ = {isa = PBXFileReference; lastKnownFileType = sourcecode.swift; path = APIService.swift; sourceTree = "<group>"; };
		D136EA732180885400BA08EA /* UserDefaultsService.swift */ = {isa = PBXFileReference; lastKnownFileType = sourcecode.swift; path = UserDefaultsService.swift; sourceTree = "<group>"; };
		D1621DE82186214900819D93 /* RootTabBarController.swift */ = {isa = PBXFileReference; lastKnownFileType = sourcecode.swift; path = RootTabBarController.swift; sourceTree = "<group>"; };
		D1621DEA2186218200819D93 /* RootTabBarController.storyboard */ = {isa = PBXFileReference; lastKnownFileType = file.storyboard; path = RootTabBarController.storyboard; sourceTree = "<group>"; };
		D1621DED2186262300819D93 /* RecordViewReactor.swift */ = {isa = PBXFileReference; lastKnownFileType = sourcecode.swift; path = RecordViewReactor.swift; sourceTree = "<group>"; };
		D1621DEE2186262300819D93 /* RecordViewController.storyboard */ = {isa = PBXFileReference; lastKnownFileType = file.storyboard; path = RecordViewController.storyboard; sourceTree = "<group>"; };
		D1621DEF2186262300819D93 /* RecordViewController.swift */ = {isa = PBXFileReference; lastKnownFileType = sourcecode.swift; path = RecordViewController.swift; sourceTree = "<group>"; };
		D1621DF42186273200819D93 /* ProfileViewReactor.swift */ = {isa = PBXFileReference; lastKnownFileType = sourcecode.swift; path = ProfileViewReactor.swift; sourceTree = "<group>"; };
		D1621DF52186273200819D93 /* ProfileViewController.storyboard */ = {isa = PBXFileReference; lastKnownFileType = file.storyboard; path = ProfileViewController.storyboard; sourceTree = "<group>"; };
		D1621DF62186273200819D93 /* ProfileViewController.swift */ = {isa = PBXFileReference; lastKnownFileType = sourcecode.swift; path = ProfileViewController.swift; sourceTree = "<group>"; };
		D1621DFC21862BA600819D93 /* PostRecordViewReactor.swift */ = {isa = PBXFileReference; lastKnownFileType = sourcecode.swift; path = PostRecordViewReactor.swift; sourceTree = "<group>"; };
		D1621DFD21862BA600819D93 /* PostRecordViewController.storyboard */ = {isa = PBXFileReference; lastKnownFileType = file.storyboard; path = PostRecordViewController.storyboard; sourceTree = "<group>"; };
		D1621DFE21862BA600819D93 /* PostRecordViewController.swift */ = {isa = PBXFileReference; lastKnownFileType = sourcecode.swift; path = PostRecordViewController.swift; sourceTree = "<group>"; };
		D1621E0221862C3B00819D93 /* SemiModalPresentationController.swift */ = {isa = PBXFileReference; lastKnownFileType = sourcecode.swift; path = SemiModalPresentationController.swift; sourceTree = "<group>"; };
		D1621E0421862F4500819D93 /* PostRecordTransitioningDelegate.swift */ = {isa = PBXFileReference; lastKnownFileType = sourcecode.swift; path = PostRecordTransitioningDelegate.swift; sourceTree = "<group>"; };
		D1621E092186BB9300819D93 /* GetViewerWatchingEpisodes.graphql */ = {isa = PBXFileReference; lastKnownFileType = text; path = GetViewerWatchingEpisodes.graphql; sourceTree = "<group>"; };
		D1621E0B2186BF5700819D93 /* API.swift */ = {isa = PBXFileReference; fileEncoding = 4; lastKnownFileType = sourcecode.swift; name = API.swift; path = "Annict-for-iOS/API.swift"; sourceTree = SOURCE_ROOT; };
		D18389B221B05137004A072C /* SearchResultViewController.swift */ = {isa = PBXFileReference; lastKnownFileType = sourcecode.swift; path = SearchResultViewController.swift; sourceTree = "<group>"; };
		D18389B421B05146004A072C /* SearchResultViewController.storyboard */ = {isa = PBXFileReference; lastKnownFileType = file.storyboard; path = SearchResultViewController.storyboard; sourceTree = "<group>"; };
		D19718CC217E29D2009B5F0F /* RxApollo.swift */ = {isa = PBXFileReference; lastKnownFileType = sourcecode.swift; path = RxApollo.swift; sourceTree = "<group>"; };
		D19718CE217E2ED3009B5F0F /* ObservableType.swift */ = {isa = PBXFileReference; lastKnownFileType = sourcecode.swift; path = ObservableType.swift; sourceTree = "<group>"; };
		D1AF34B9219B0921004DD229 /* GetViewerWorks.graphql */ = {isa = PBXFileReference; lastKnownFileType = text; path = GetViewerWorks.graphql; sourceTree = "<group>"; };
		D1AF34BB219B3CBF004DD229 /* GetViewerInfo.graphql */ = {isa = PBXFileReference; lastKnownFileType = text; path = GetViewerInfo.graphql; sourceTree = "<group>"; };
		D1AF34BF219B4042004DD229 /* UserInfoTableViewCell.swift */ = {isa = PBXFileReference; lastKnownFileType = sourcecode.swift; path = UserInfoTableViewCell.swift; sourceTree = "<group>"; };
		D1AF34C0219B4042004DD229 /* UserInfoTableViewCell.xib */ = {isa = PBXFileReference; lastKnownFileType = file.xib; path = UserInfoTableViewCell.xib; sourceTree = "<group>"; };
		D1AF34C3219B4202004DD229 /* UITableView.swift */ = {isa = PBXFileReference; lastKnownFileType = sourcecode.swift; path = UITableView.swift; sourceTree = "<group>"; };
		D1AF34C5219B4238004DD229 /* UICollectionView.swift */ = {isa = PBXFileReference; lastKnownFileType = sourcecode.swift; path = UICollectionView.swift; sourceTree = "<group>"; };
		D1B4F160217EB3770011BAFF /* RootViewController.swift */ = {isa = PBXFileReference; lastKnownFileType = sourcecode.swift; path = RootViewController.swift; sourceTree = "<group>"; };
		D1B4F162217EB38D0011BAFF /* RootViewController.storyboard */ = {isa = PBXFileReference; lastKnownFileType = file.storyboard; path = RootViewController.storyboard; sourceTree = "<group>"; };
		D1B4F164217EB4080011BAFF /* RootViewReactor.swift */ = {isa = PBXFileReference; lastKnownFileType = sourcecode.swift; path = RootViewReactor.swift; sourceTree = "<group>"; };
		D1B4F166217EB5E60011BAFF /* RxUIViewController.swift */ = {isa = PBXFileReference; lastKnownFileType = sourcecode.swift; path = RxUIViewController.swift; sourceTree = "<group>"; };
		D1B4F169217EB8380011BAFF /* LoginViewController.swift */ = {isa = PBXFileReference; lastKnownFileType = sourcecode.swift; path = LoginViewController.swift; sourceTree = "<group>"; };
		D1B4F16B217EB8580011BAFF /* LoginViewController.storyboard */ = {isa = PBXFileReference; lastKnownFileType = file.storyboard; path = LoginViewController.storyboard; sourceTree = "<group>"; };
		D1B4F16E217EB8A70011BAFF /* StoryboardLoadable.swift */ = {isa = PBXFileReference; lastKnownFileType = sourcecode.swift; path = StoryboardLoadable.swift; sourceTree = "<group>"; };
		D1B4F170217EB8D50011BAFF /* NSObject.swift */ = {isa = PBXFileReference; lastKnownFileType = sourcecode.swift; path = NSObject.swift; sourceTree = "<group>"; };
		D1B4F173217EBB940011BAFF /* UIView.swift */ = {isa = PBXFileReference; lastKnownFileType = sourcecode.swift; path = UIView.swift; sourceTree = "<group>"; };
		D1B4F175217EBF200011BAFF /* LoginViewReactor.swift */ = {isa = PBXFileReference; lastKnownFileType = sourcecode.swift; path = LoginViewReactor.swift; sourceTree = "<group>"; };
		D1B4F177217EC0970011BAFF /* Constants.swift */ = {isa = PBXFileReference; lastKnownFileType = sourcecode.swift; path = Constants.swift; sourceTree = "<group>"; };
		D1BCB8C1217F327400B84F82 /* NotificationCenter.swift */ = {isa = PBXFileReference; lastKnownFileType = sourcecode.swift; path = NotificationCenter.swift; sourceTree = "<group>"; };
		D1BCB8C3217F350A00B84F82 /* HTTPClient.swift */ = {isa = PBXFileReference; lastKnownFileType = sourcecode.swift; path = HTTPClient.swift; sourceTree = "<group>"; };
		D1BCB8C8217F3E8300B84F82 /* OauthTokenRequest.swift */ = {isa = PBXFileReference; lastKnownFileType = sourcecode.swift; path = OauthTokenRequest.swift; sourceTree = "<group>"; };
		D1BCB8CA217F451C00B84F82 /* UIApplication.swift */ = {isa = PBXFileReference; lastKnownFileType = sourcecode.swift; path = UIApplication.swift; sourceTree = "<group>"; };
		D1BCB8CD217F469800B84F82 /* HomeViewController.swift */ = {isa = PBXFileReference; lastKnownFileType = sourcecode.swift; path = HomeViewController.swift; sourceTree = "<group>"; };
		D1BCB8D0217F46B600B84F82 /* HomeViewController.storyboard */ = {isa = PBXFileReference; lastKnownFileType = file.storyboard; path = HomeViewController.storyboard; sourceTree = "<group>"; };
		D1BCB8D2217F4A3D00B84F82 /* HomeViewReactor.swift */ = {isa = PBXFileReference; lastKnownFileType = sourcecode.swift; path = HomeViewReactor.swift; sourceTree = "<group>"; };
		D1F9143221AA6A61006986A1 /* Kingfisher.framework */ = {isa = PBXFileReference; lastKnownFileType = wrapper.framework; name = Kingfisher.framework; path = Carthage/Build/iOS/Kingfisher.framework; sourceTree = "<group>"; };
		D1F9143421AA74FA006986A1 /* NSMutableParagraphStyle.swift */ = {isa = PBXFileReference; lastKnownFileType = sourcecode.swift; path = NSMutableParagraphStyle.swift; sourceTree = "<group>"; };
		D1F9143621AA756F006986A1 /* UIImageView.swift */ = {isa = PBXFileReference; lastKnownFileType = sourcecode.swift; path = UIImageView.swift; sourceTree = "<group>"; };
		D1F9143821AA75A0006986A1 /* URLConvertible.swift */ = {isa = PBXFileReference; lastKnownFileType = sourcecode.swift; path = URLConvertible.swift; sourceTree = "<group>"; };
		D1F9143A21AA75C8006986A1 /* UIImage.swift */ = {isa = PBXFileReference; lastKnownFileType = sourcecode.swift; path = UIImage.swift; sourceTree = "<group>"; };
		D1F9143C21AA7615006986A1 /* CGSize.swift */ = {isa = PBXFileReference; lastKnownFileType = sourcecode.swift; path = CGSize.swift; sourceTree = "<group>"; };
		D1F9143E21AA7B4F006986A1 /* UserWorksWithSectionTitleCell.swift */ = {isa = PBXFileReference; lastKnownFileType = sourcecode.swift; path = UserWorksWithSectionTitleCell.swift; sourceTree = "<group>"; };
		D1F9143F21AA7B4F006986A1 /* UserWorksWithSectionTitleCell.xib */ = {isa = PBXFileReference; lastKnownFileType = file.xib; path = UserWorksWithSectionTitleCell.xib; sourceTree = "<group>"; };
		D1F9144821AA7FD2006986A1 /* UserWorkCollectionViewCell.swift */ = {isa = PBXFileReference; lastKnownFileType = sourcecode.swift; path = UserWorkCollectionViewCell.swift; sourceTree = "<group>"; };
		D1F9144921AA7FD2006986A1 /* UserWorkCollectionViewCell.xib */ = {isa = PBXFileReference; lastKnownFileType = file.xib; path = UserWorkCollectionViewCell.xib; sourceTree = "<group>"; };
		D1F9144C21AA85C1006986A1 /* UIColor.swift */ = {isa = PBXFileReference; lastKnownFileType = sourcecode.swift; path = UIColor.swift; sourceTree = "<group>"; };
		D1FFB57821AE867B001099E6 /* StatusState.swift */ = {isa = PBXFileReference; lastKnownFileType = sourcecode.swift; path = StatusState.swift; sourceTree = "<group>"; };
		D1FFB57A21AE8696001099E6 /* GraphQLSelectionSet.swift */ = {isa = PBXFileReference; lastKnownFileType = sourcecode.swift; path = GraphQLSelectionSet.swift; sourceTree = "<group>"; };
		D1FFB57E21AE98DD001099E6 /* AnnictGraphQL.swift */ = {isa = PBXFileReference; lastKnownFileType = sourcecode.swift; path = AnnictGraphQL.swift; sourceTree = "<group>"; };
		D1FFB58221AECF04001099E6 /* RecordEpisodeTableViewCell.swift */ = {isa = PBXFileReference; lastKnownFileType = sourcecode.swift; path = RecordEpisodeTableViewCell.swift; sourceTree = "<group>"; };
		D1FFB58321AECF04001099E6 /* RecordEpisodeTableViewCell.xib */ = {isa = PBXFileReference; lastKnownFileType = file.xib; path = RecordEpisodeTableViewCell.xib; sourceTree = "<group>"; };
		D1FFB58621AED24F001099E6 /* Ornament.swift */ = {isa = PBXFileReference; lastKnownFileType = sourcecode.swift; path = Ornament.swift; sourceTree = "<group>"; };
		D1FFB58921AEE427001099E6 /* CreateRecord.graphql */ = {isa = PBXFileReference; lastKnownFileType = text; path = CreateRecord.graphql; sourceTree = "<group>"; };
		D1FFB58B21AEE904001099E6 /* EpisodeDetails.graphql */ = {isa = PBXFileReference; lastKnownFileType = text; path = EpisodeDetails.graphql; sourceTree = "<group>"; };
		D1FFB58D21AEF3A3001099E6 /* RxUIScrollView.swift */ = {isa = PBXFileReference; lastKnownFileType = sourcecode.swift; path = RxUIScrollView.swift; sourceTree = "<group>"; };
		D1FFB58F21AEF644001099E6 /* ActionClosurable.swift */ = {isa = PBXFileReference; lastKnownFileType = sourcecode.swift; path = ActionClosurable.swift; sourceTree = "<group>"; };
		D1FFB59121B03A13001099E6 /* Apollo.framework */ = {isa = PBXFileReference; lastKnownFileType = wrapper.framework; name = Apollo.framework; path = Carthage/Build/iOS/Apollo.framework; sourceTree = "<group>"; };
		D1FFB59221B03A13001099E6 /* ApolloSQLite.framework */ = {isa = PBXFileReference; lastKnownFileType = wrapper.framework; name = ApolloSQLite.framework; path = Carthage/Build/iOS/ApolloSQLite.framework; sourceTree = "<group>"; };
		D1FFB59521B03A4D001099E6 /* SQLite.framework */ = {isa = PBXFileReference; lastKnownFileType = wrapper.framework; name = SQLite.framework; path = Carthage/Build/iOS/SQLite.framework; sourceTree = "<group>"; };
		D1FFB59921B04693001099E6 /* SearchViewController.swift */ = {isa = PBXFileReference; lastKnownFileType = sourcecode.swift; path = SearchViewController.swift; sourceTree = "<group>"; };
		D1FFB59B21B046BE001099E6 /* SearchViewController.storyboard */ = {isa = PBXFileReference; lastKnownFileType = file.storyboard; path = SearchViewController.storyboard; sourceTree = "<group>"; };
/* End PBXFileReference section */

/* Begin PBXFrameworksBuildPhase section */
		D123F24D217CBD2500AE38FD /* Frameworks */ = {
			isa = PBXFrameworksBuildPhase;
			buildActionMask = 2147483647;
			files = (
				D1FFB59621B03A4D001099E6 /* SQLite.framework in Frameworks */,
				D1FFB59321B03A14001099E6 /* Apollo.framework in Frameworks */,
				D1FFB59421B03A14001099E6 /* ApolloSQLite.framework in Frameworks */,
				D1F9143321AA6A61006986A1 /* Kingfisher.framework in Frameworks */,
				D1B4F172217EB9C00011BAFF /* ReactorKitRuntime.framework in Frameworks */,
				D1274113217CCCF000DD09C2 /* RxCocoa.framework in Frameworks */,
				D1274114217CCCF000DD09C2 /* RxSwift.framework in Frameworks */,
				D127410E217CCB4000DD09C2 /* ReactorKit.framework in Frameworks */,
				C917CDDC4A16A7899040361A /* Pods_Annict_for_iOS.framework in Frameworks */,
			);
			runOnlyForDeploymentPostprocessing = 0;
		};
/* End PBXFrameworksBuildPhase section */

/* Begin PBXGroup section */
		D123F247217CBD2500AE38FD = {
			isa = PBXGroup;
			children = (
				D123F252217CBD2500AE38FD /* Annict-for-iOS */,
				D123F251217CBD2500AE38FD /* Products */,
				D127410B217CCB3F00DD09C2 /* Frameworks */,
				F195834130FE771215D4C51F /* Pods */,
			);
			sourceTree = "<group>";
		};
		D123F251217CBD2500AE38FD /* Products */ = {
			isa = PBXGroup;
			children = (
				D123F250217CBD2500AE38FD /* Annict-for-iOS.app */,
			);
			name = Products;
			sourceTree = "<group>";
		};
		D123F252217CBD2500AE38FD /* Annict-for-iOS */ = {
			isa = PBXGroup;
			children = (
				D1B4F15D217EB3080011BAFF /* Commons */,
				D1B4F15E217EB33E0011BAFF /* Modules */,
				D1B4F15C217EB2EC0011BAFF /* Samples */,
				D123F25A217CBD2600AE38FD /* Assets.xcassets */,
				D123F25C217CBD2600AE38FD /* LaunchScreen.storyboard */,
				D123F25F217CBD2600AE38FD /* Info.plist */,
			);
			path = "Annict-for-iOS";
			sourceTree = "<group>";
		};
		D127410B217CCB3F00DD09C2 /* Frameworks */ = {
			isa = PBXGroup;
			children = (
				D1FFB59521B03A4D001099E6 /* SQLite.framework */,
				D1FFB59121B03A13001099E6 /* Apollo.framework */,
				D1FFB59221B03A13001099E6 /* ApolloSQLite.framework */,
				D1F9143221AA6A61006986A1 /* Kingfisher.framework */,
				D1274111217CCCF000DD09C2 /* RxCocoa.framework */,
				D1274112217CCCF000DD09C2 /* RxSwift.framework */,
				D127410C217CCB4000DD09C2 /* ReactorKit.framework */,
				D127410D217CCB4000DD09C2 /* ReactorKitRuntime.framework */,
				0567F169D06E4DEA7E47513F /* Pods_Annict_for_iOS.framework */,
			);
			name = Frameworks;
			sourceTree = "<group>";
		};
		D136EA6F21807DD600BA08EA /* Services */ = {
			isa = PBXGroup;
			children = (
				D127411C217CDEF300DD09C2 /* BaseService.swift */,
				D127411E217CDF1000DD09C2 /* ServiceProvider.swift */,
				D136EA7021807E9500BA08EA /* APIService.swift */,
				D136EA732180885400BA08EA /* UserDefaultsService.swift */,
			);
			path = Services;
			sourceTree = "<group>";
		};
		D1621DE72186211C00819D93 /* TabBar */ = {
			isa = PBXGroup;
			children = (
				D1621DE82186214900819D93 /* RootTabBarController.swift */,
				D1621DEA2186218200819D93 /* RootTabBarController.storyboard */,
			);
			path = TabBar;
			sourceTree = "<group>";
		};
		D1621DEC218625DB00819D93 /* Record */ = {
			isa = PBXGroup;
			children = (
				D1FFB58121AECECF001099E6 /* Views */,
				D1FFB58021AECEC1001099E6 /* ViewControllers */,
				D1621DFB21862B8E00819D93 /* PostRecord */,
				D1621DFA21862B5700819D93 /* Transition */,
			);
			path = Record;
			sourceTree = "<group>";
		};
		D1621DF32186272300819D93 /* Profile */ = {
			isa = PBXGroup;
			children = (
				D1AF34BE219B400C004DD229 /* Views */,
				D1AF34BD219B3FE5004DD229 /* ViewControllers */,
			);
			path = Profile;
			sourceTree = "<group>";
		};
		D1621DFA21862B5700819D93 /* Transition */ = {
			isa = PBXGroup;
			children = (
				D1621E0221862C3B00819D93 /* SemiModalPresentationController.swift */,
				D1621E0421862F4500819D93 /* PostRecordTransitioningDelegate.swift */,
			);
			path = Transition;
			sourceTree = "<group>";
		};
		D1621DFB21862B8E00819D93 /* PostRecord */ = {
			isa = PBXGroup;
			children = (
				D1621DFC21862BA600819D93 /* PostRecordViewReactor.swift */,
				D1621DFD21862BA600819D93 /* PostRecordViewController.storyboard */,
				D1621DFE21862BA600819D93 /* PostRecordViewController.swift */,
			);
			path = PostRecord;
			sourceTree = "<group>";
		};
		D1621E062186BB4B00819D93 /* GraphQL */ = {
			isa = PBXGroup;
			children = (
				D1621E0B2186BF5700819D93 /* API.swift */,
				D1FFB58B21AEE904001099E6 /* EpisodeDetails.graphql */,
				D1FFB58921AEE427001099E6 /* CreateRecord.graphql */,
				D1621E092186BB9300819D93 /* GetViewerWatchingEpisodes.graphql */,
				D1AF34B9219B0921004DD229 /* GetViewerWorks.graphql */,
				D1AF34BB219B3CBF004DD229 /* GetViewerInfo.graphql */,
			);
			path = GraphQL;
			sourceTree = "<group>";
		};
		D19718CB217E29BA009B5F0F /* Rx */ = {
			isa = PBXGroup;
			children = (
				D19718CC217E29D2009B5F0F /* RxApollo.swift */,
				D19718CE217E2ED3009B5F0F /* ObservableType.swift */,
				D1B4F166217EB5E60011BAFF /* RxUIViewController.swift */,
				D1FFB58D21AEF3A3001099E6 /* RxUIScrollView.swift */,
			);
			path = Rx;
			sourceTree = "<group>";
		};
		D1AF34BD219B3FE5004DD229 /* ViewControllers */ = {
			isa = PBXGroup;
			children = (
				D1621DF42186273200819D93 /* ProfileViewReactor.swift */,
				D1621DF52186273200819D93 /* ProfileViewController.storyboard */,
				D1621DF62186273200819D93 /* ProfileViewController.swift */,
			);
			path = ViewControllers;
			sourceTree = "<group>";
		};
		D1AF34BE219B400C004DD229 /* Views */ = {
			isa = PBXGroup;
			children = (
				D1AF34BF219B4042004DD229 /* UserInfoTableViewCell.swift */,
				D1AF34C0219B4042004DD229 /* UserInfoTableViewCell.xib */,
				D1F9143E21AA7B4F006986A1 /* UserWorksWithSectionTitleCell.swift */,
				D1F9143F21AA7B4F006986A1 /* UserWorksWithSectionTitleCell.xib */,
				D1F9144821AA7FD2006986A1 /* UserWorkCollectionViewCell.swift */,
				D1F9144921AA7FD2006986A1 /* UserWorkCollectionViewCell.xib */,
			);
			path = Views;
			sourceTree = "<group>";
		};
		D1B4F15C217EB2EC0011BAFF /* Samples */ = {
			isa = PBXGroup;
			children = (
				D1013CCB217E23F7001C269B /* test.graphql */,
			);
			path = Samples;
			sourceTree = "<group>";
		};
		D1B4F15D217EB3080011BAFF /* Commons */ = {
			isa = PBXGroup;
			children = (
				D136EA6F21807DD600BA08EA /* Services */,
				D123F253217CBD2500AE38FD /* AppDelegate.swift */,
				D1BCB8C5217F3E0900B84F82 /* API */,
				D19718CB217E29BA009B5F0F /* Rx */,
				D1B4F16D217EB8980011BAFF /* Extensions */,
				D1FFB58821AED26B001099E6 /* UIKit */,
				D1B4F177217EC0970011BAFF /* Constants.swift */,
				D118FCBE217F1D1C00FD5B82 /* NotificationName.swift */,
				D1BCB8C1217F327400B84F82 /* NotificationCenter.swift */,
				D136EA6D2180439B00BA08EA /* UserDefaultsRepository.swift */,
			);
			path = Commons;
			sourceTree = "<group>";
		};
		D1B4F15E217EB33E0011BAFF /* Modules */ = {
			isa = PBXGroup;
			children = (
				D1FFB59721B0464F001099E6 /* Search */,
				D1621DF32186272300819D93 /* Profile */,
				D1621DEC218625DB00819D93 /* Record */,
				D1621DE72186211C00819D93 /* TabBar */,
				D1BCB8CC217F468800B84F82 /* Home */,
				D1B4F15F217EB3510011BAFF /* Root */,
				D1B4F168217EB81A0011BAFF /* Login */,
			);
			path = Modules;
			sourceTree = "<group>";
		};
		D1B4F15F217EB3510011BAFF /* Root */ = {
			isa = PBXGroup;
			children = (
				D1B4F160217EB3770011BAFF /* RootViewController.swift */,
				D1B4F164217EB4080011BAFF /* RootViewReactor.swift */,
				D1B4F162217EB38D0011BAFF /* RootViewController.storyboard */,
			);
			path = Root;
			sourceTree = "<group>";
		};
		D1B4F168217EB81A0011BAFF /* Login */ = {
			isa = PBXGroup;
			children = (
				D1B4F169217EB8380011BAFF /* LoginViewController.swift */,
				D1B4F16B217EB8580011BAFF /* LoginViewController.storyboard */,
				D1B4F175217EBF200011BAFF /* LoginViewReactor.swift */,
			);
			path = Login;
			sourceTree = "<group>";
		};
		D1B4F16D217EB8980011BAFF /* Extensions */ = {
			isa = PBXGroup;
			children = (
				D1BCB8CA217F451C00B84F82 /* UIApplication.swift */,
				D1B4F16E217EB8A70011BAFF /* StoryboardLoadable.swift */,
				D1B4F170217EB8D50011BAFF /* NSObject.swift */,
				D1B4F173217EBB940011BAFF /* UIView.swift */,
				D1AF34C3219B4202004DD229 /* UITableView.swift */,
				D1AF34C5219B4238004DD229 /* UICollectionView.swift */,
				D1F9143421AA74FA006986A1 /* NSMutableParagraphStyle.swift */,
				D1F9143621AA756F006986A1 /* UIImageView.swift */,
				D1F9143821AA75A0006986A1 /* URLConvertible.swift */,
				D1F9143A21AA75C8006986A1 /* UIImage.swift */,
				D1F9143C21AA7615006986A1 /* CGSize.swift */,
				D1F9144C21AA85C1006986A1 /* UIColor.swift */,
				D1FFB57821AE867B001099E6 /* StatusState.swift */,
				D1FFB57A21AE8696001099E6 /* GraphQLSelectionSet.swift */,
				D1FFB57E21AE98DD001099E6 /* AnnictGraphQL.swift */,
			);
			path = Extensions;
			sourceTree = "<group>";
		};
		D1BCB8C5217F3E0900B84F82 /* API */ = {
			isa = PBXGroup;
			children = (
				D1BCB8C3217F350A00B84F82 /* HTTPClient.swift */,
				D1621E062186BB4B00819D93 /* GraphQL */,
				D1BCB8C6217F3E1100B84F82 /* REST */,
			);
			path = API;
			sourceTree = "<group>";
		};
		D1BCB8C6217F3E1100B84F82 /* REST */ = {
			isa = PBXGroup;
			children = (
				D1BCB8C8217F3E8300B84F82 /* OauthTokenRequest.swift */,
			);
			path = REST;
			sourceTree = "<group>";
		};
		D1BCB8CC217F468800B84F82 /* Home */ = {
			isa = PBXGroup;
			children = (
				D1BCB8CD217F469800B84F82 /* HomeViewController.swift */,
				D1BCB8D2217F4A3D00B84F82 /* HomeViewReactor.swift */,
				D1BCB8D0217F46B600B84F82 /* HomeViewController.storyboard */,
			);
			path = Home;
			sourceTree = "<group>";
		};
		D1FFB58021AECEC1001099E6 /* ViewControllers */ = {
			isa = PBXGroup;
			children = (
				D1621DED2186262300819D93 /* RecordViewReactor.swift */,
				D1621DEE2186262300819D93 /* RecordViewController.storyboard */,
				D1621DEF2186262300819D93 /* RecordViewController.swift */,
			);
			path = ViewControllers;
			sourceTree = "<group>";
		};
		D1FFB58121AECECF001099E6 /* Views */ = {
			isa = PBXGroup;
			children = (
				D1FFB58221AECF04001099E6 /* RecordEpisodeTableViewCell.swift */,
				D1FFB58321AECF04001099E6 /* RecordEpisodeTableViewCell.xib */,
			);
			path = Views;
			sourceTree = "<group>";
		};
		D1FFB58821AED26B001099E6 /* UIKit */ = {
			isa = PBXGroup;
			children = (
				D1FFB58621AED24F001099E6 /* Ornament.swift */,
				D1FFB58F21AEF644001099E6 /* ActionClosurable.swift */,
			);
			path = UIKit;
			sourceTree = "<group>";
		};
		D1FFB59721B0464F001099E6 /* Search */ = {
			isa = PBXGroup;
			children = (
				D1FFB59821B04680001099E6 /* ViewControllers */,
			);
			path = Search;
			sourceTree = "<group>";
		};
		D1FFB59821B04680001099E6 /* ViewControllers */ = {
			isa = PBXGroup;
			children = (
				D1FFB59921B04693001099E6 /* SearchViewController.swift */,
				D1FFB59B21B046BE001099E6 /* SearchViewController.storyboard */,
				D18389B221B05137004A072C /* SearchResultViewController.swift */,
				D18389B421B05146004A072C /* SearchResultViewController.storyboard */,
			);
			path = ViewControllers;
			sourceTree = "<group>";
		};
		F195834130FE771215D4C51F /* Pods */ = {
			isa = PBXGroup;
			children = (
				CC015B11081256C34FD80D74 /* Pods-Annict-for-iOS.debug.xcconfig */,
				4C866238FE78822277121123 /* Pods-Annict-for-iOS.release.xcconfig */,
			);
			name = Pods;
			sourceTree = "<group>";
		};
/* End PBXGroup section */

/* Begin PBXNativeTarget section */
		D123F24F217CBD2500AE38FD /* Annict-for-iOS */ = {
			isa = PBXNativeTarget;
			buildConfigurationList = D123F262217CBD2600AE38FD /* Build configuration list for PBXNativeTarget "Annict-for-iOS" */;
			buildPhases = (
				8797AD0F81A25331BCAE0A81 /* [CP] Check Pods Manifest.lock */,
				D123F24C217CBD2500AE38FD /* Sources */,
				D123F24D217CBD2500AE38FD /* Frameworks */,
				D123F24E217CBD2500AE38FD /* Resources */,
				D1274110217CCB5700DD09C2 /* ShellScript */,
				D1274122217E09D600DD09C2 /* ShellScript */,
				5BB8CB85AAE678D01443BD23 /* [CP] Embed Pods Frameworks */,
				D136EA662180424600BA08EA /* ShellScript */,
			);
			buildRules = (
			);
			dependencies = (
			);
			name = "Annict-for-iOS";
			productName = "Annict-for-iOS";
			productReference = D123F250217CBD2500AE38FD /* Annict-for-iOS.app */;
			productType = "com.apple.product-type.application";
		};
/* End PBXNativeTarget section */

/* Begin PBXProject section */
		D123F248217CBD2500AE38FD /* Project object */ = {
			isa = PBXProject;
			attributes = {
				LastSwiftUpdateCheck = 1000;
				LastUpgradeCheck = 1000;
				ORGANIZATIONNAME = "Yuto Akiba";
				TargetAttributes = {
					D123F24F217CBD2500AE38FD = {
						CreatedOnToolsVersion = 10.0;
					};
				};
			};
			buildConfigurationList = D123F24B217CBD2500AE38FD /* Build configuration list for PBXProject "Annict-for-iOS" */;
			compatibilityVersion = "Xcode 9.3";
			developmentRegion = en;
			hasScannedForEncodings = 0;
			knownRegions = (
				en,
				Base,
			);
			mainGroup = D123F247217CBD2500AE38FD;
			productRefGroup = D123F251217CBD2500AE38FD /* Products */;
			projectDirPath = "";
			projectRoot = "";
			targets = (
				D123F24F217CBD2500AE38FD /* Annict-for-iOS */,
			);
		};
/* End PBXProject section */

/* Begin PBXResourcesBuildPhase section */
		D123F24E217CBD2500AE38FD /* Resources */ = {
			isa = PBXResourcesBuildPhase;
			buildActionMask = 2147483647;
			files = (
				D1FFB58A21AEE427001099E6 /* CreateRecord.graphql in Resources */,
				D123F25E217CBD2600AE38FD /* LaunchScreen.storyboard in Resources */,
				D1621DEB2186218200819D93 /* RootTabBarController.storyboard in Resources */,
				D18389B521B05146004A072C /* SearchResultViewController.storyboard in Resources */,
				D1FFB59C21B046BE001099E6 /* SearchViewController.storyboard in Resources */,
				D1AF34C2219B4042004DD229 /* UserInfoTableViewCell.xib in Resources */,
				D1013CCC217E23F7001C269B /* test.graphql in Resources */,
				D1BCB8D1217F46B600B84F82 /* HomeViewController.storyboard in Resources */,
				D1621E0021862BA600819D93 /* PostRecordViewController.storyboard in Resources */,
				D1FFB58521AECF04001099E6 /* RecordEpisodeTableViewCell.xib in Resources */,
				D1621E0A2186BB9300819D93 /* GetViewerWatchingEpisodes.graphql in Resources */,
				D1AF34BC219B3CBF004DD229 /* GetViewerInfo.graphql in Resources */,
				D1F9144B21AA7FD2006986A1 /* UserWorkCollectionViewCell.xib in Resources */,
				D1F9144121AA7B4F006986A1 /* UserWorksWithSectionTitleCell.xib in Resources */,
				D1FFB58C21AEE904001099E6 /* EpisodeDetails.graphql in Resources */,
				D1621DF12186262300819D93 /* RecordViewController.storyboard in Resources */,
				D1AF34BA219B0921004DD229 /* GetViewerWorks.graphql in Resources */,
				D1621DF82186273200819D93 /* ProfileViewController.storyboard in Resources */,
				D123F25B217CBD2600AE38FD /* Assets.xcassets in Resources */,
				D1B4F16C217EB8580011BAFF /* LoginViewController.storyboard in Resources */,
				D1B4F163217EB38D0011BAFF /* RootViewController.storyboard in Resources */,
			);
			runOnlyForDeploymentPostprocessing = 0;
		};
/* End PBXResourcesBuildPhase section */

/* Begin PBXShellScriptBuildPhase section */
		5BB8CB85AAE678D01443BD23 /* [CP] Embed Pods Frameworks */ = {
			isa = PBXShellScriptBuildPhase;
			buildActionMask = 2147483647;
			files = (
			);
			inputFileListPaths = (
			);
			inputPaths = (
				"${SRCROOT}/Pods/Target Support Files/Pods-Annict-for-iOS/Pods-Annict-for-iOS-frameworks.sh",
				"${BUILT_PRODUCTS_DIR}/Keys/Keys.framework",
			);
			name = "[CP] Embed Pods Frameworks";
			outputFileListPaths = (
			);
			outputPaths = (
				"${TARGET_BUILD_DIR}/${FRAMEWORKS_FOLDER_PATH}/Keys.framework",
			);
			runOnlyForDeploymentPostprocessing = 0;
			shellPath = /bin/sh;
			shellScript = "\"${SRCROOT}/Pods/Target Support Files/Pods-Annict-for-iOS/Pods-Annict-for-iOS-frameworks.sh\"\n";
			showEnvVarsInLog = 0;
		};
		8797AD0F81A25331BCAE0A81 /* [CP] Check Pods Manifest.lock */ = {
			isa = PBXShellScriptBuildPhase;
			buildActionMask = 2147483647;
			files = (
			);
			inputFileListPaths = (
			);
			inputPaths = (
				"${PODS_PODFILE_DIR_PATH}/Podfile.lock",
				"${PODS_ROOT}/Manifest.lock",
			);
			name = "[CP] Check Pods Manifest.lock";
			outputFileListPaths = (
			);
			outputPaths = (
				"$(DERIVED_FILE_DIR)/Pods-Annict-for-iOS-checkManifestLockResult.txt",
			);
			runOnlyForDeploymentPostprocessing = 0;
			shellPath = /bin/sh;
			shellScript = "diff \"${PODS_PODFILE_DIR_PATH}/Podfile.lock\" \"${PODS_ROOT}/Manifest.lock\" > /dev/null\nif [ $? != 0 ] ; then\n    # print error to STDERR\n    echo \"error: The sandbox is not in sync with the Podfile.lock. Run 'pod install' or update your CocoaPods installation.\" >&2\n    exit 1\nfi\n# This output is used by Xcode 'outputs' to avoid re-running this script phase.\necho \"SUCCESS\" > \"${SCRIPT_OUTPUT_FILE_0}\"\n";
			showEnvVarsInLog = 0;
		};
		D1274110217CCB5700DD09C2 /* ShellScript */ = {
			isa = PBXShellScriptBuildPhase;
			buildActionMask = 2147483647;
			files = (
			);
			inputFileListPaths = (
			);
			inputPaths = (
				"$(SRCROOT)/Carthage/Build/iOS/ReactorKit.framework",
				"$(SRCROOT)/Carthage/Build/iOS/RxSwift.framework",
				"$(SRCROOT)/Carthage/Build/iOS/RxCocoa.framework",
				"$(SRCROOT)/Carthage/Build/iOS/Apollo.framework",
				"$(SRCROOT)/Carthage/Build/iOS/ReactorKitRuntime.framework",
				"$(SRCROOT)/Carthage/Build/iOS/Kingfisher.framework",
				"$(SRCROOT)/Carthage/Build/iOS/ApolloSQLite.framework",
				"$(SRCROOT)/Carthage/Build/iOS/SQLite.framework",
			);
			outputFileListPaths = (
			);
			outputPaths = (
			);
			runOnlyForDeploymentPostprocessing = 0;
			shellPath = /bin/sh;
			shellScript = "/usr/local/bin/carthage copy-frameworks\n";
		};
		D1274122217E09D600DD09C2 /* ShellScript */ = {
			isa = PBXShellScriptBuildPhase;
			buildActionMask = 2147483647;
			files = (
			);
			inputFileListPaths = (
			);
			inputPaths = (
			);
			outputFileListPaths = (
			);
			outputPaths = (
			);
			runOnlyForDeploymentPostprocessing = 0;
			shellPath = /bin/sh;
			shellScript = "export PATH=$PATH:$HOME/.nodebrew/current/bin\nAPOLLO_FRAMEWORK_PATH=\"$(eval find $FRAMEWORK_SEARCH_PATHS -name \"Apollo.framework\" -maxdepth 1)\"\n\nif [ -z \"$APOLLO_FRAMEWORK_PATH\" ]; then\necho \"error: Couldn't find Apollo.framework in FRAMEWORK_SEARCH_PATHS; make sure to add the framework to your project.\"\nexit 1\nfi\n\ncd \"${SRCROOT}/${TARGET_NAME}\"\n$APOLLO_FRAMEWORK_PATH/check-and-run-apollo-cli.sh codegen:generate --queries=\"$(find . -name '*.graphql')\" --schema=schema.json API.swift\n";
		};
		D136EA662180424600BA08EA /* ShellScript */ = {
			isa = PBXShellScriptBuildPhase;
			buildActionMask = 2147483647;
			files = (
			);
			inputFileListPaths = (
			);
			inputPaths = (
			);
			outputFileListPaths = (
			);
			outputPaths = (
			);
			runOnlyForDeploymentPostprocessing = 0;
			shellPath = /bin/sh;
			shellScript = "sh ${SRCROOT}/Share/Templates/copy_templates.sh\n";
		};
/* End PBXShellScriptBuildPhase section */

/* Begin PBXSourcesBuildPhase section */
		D123F24C217CBD2500AE38FD /* Sources */ = {
			isa = PBXSourcesBuildPhase;
			buildActionMask = 2147483647;
			files = (
				D1B4F161217EB3770011BAFF /* RootViewController.swift in Sources */,
				D1BCB8CB217F451C00B84F82 /* UIApplication.swift in Sources */,
				D1B4F16A217EB8380011BAFF /* LoginViewController.swift in Sources */,
				D1621DF22186262300819D93 /* RecordViewController.swift in Sources */,
				D1F9144D21AA85C1006986A1 /* UIColor.swift in Sources */,
				D1B4F16F217EB8A70011BAFF /* StoryboardLoadable.swift in Sources */,
				D1AF34C4219B4202004DD229 /* UITableView.swift in Sources */,
				D1B4F171217EB8D50011BAFF /* NSObject.swift in Sources */,
				D127411F217CDF1000DD09C2 /* ServiceProvider.swift in Sources */,
				D1BCB8C2217F327400B84F82 /* NotificationCenter.swift in Sources */,
				D18389B321B05137004A072C /* SearchResultViewController.swift in Sources */,
				D136EA742180885400BA08EA /* UserDefaultsService.swift in Sources */,
				D1FFB57921AE867B001099E6 /* StatusState.swift in Sources */,
				D1F9143D21AA7615006986A1 /* CGSize.swift in Sources */,
				D19718CD217E29D2009B5F0F /* RxApollo.swift in Sources */,
				D1BCB8D3217F4A3D00B84F82 /* HomeViewReactor.swift in Sources */,
				D1621DFF21862BA600819D93 /* PostRecordViewReactor.swift in Sources */,
				D1BCB8CE217F469800B84F82 /* HomeViewController.swift in Sources */,
				D1621DF92186273200819D93 /* ProfileViewController.swift in Sources */,
				D1621DF02186262300819D93 /* RecordViewReactor.swift in Sources */,
				D1621DF72186273200819D93 /* ProfileViewReactor.swift in Sources */,
				D127411D217CDEF300DD09C2 /* BaseService.swift in Sources */,
				D1621E0521862F4500819D93 /* PostRecordTransitioningDelegate.swift in Sources */,
				D1F9144A21AA7FD2006986A1 /* UserWorkCollectionViewCell.swift in Sources */,
				D118FCBF217F1D1C00FD5B82 /* NotificationName.swift in Sources */,
				D1FFB57B21AE8696001099E6 /* GraphQLSelectionSet.swift in Sources */,
				D1FFB58721AED24F001099E6 /* Ornament.swift in Sources */,
				D1621DE92186214900819D93 /* RootTabBarController.swift in Sources */,
				D1FFB59021AEF644001099E6 /* ActionClosurable.swift in Sources */,
				D1BCB8C9217F3E8300B84F82 /* OauthTokenRequest.swift in Sources */,
				D1621E0321862C3B00819D93 /* SemiModalPresentationController.swift in Sources */,
				D136EA6E2180439B00BA08EA /* UserDefaultsRepository.swift in Sources */,
				D1F9143721AA756F006986A1 /* UIImageView.swift in Sources */,
				D1F9144021AA7B4F006986A1 /* UserWorksWithSectionTitleCell.swift in Sources */,
				D1B4F165217EB4080011BAFF /* RootViewReactor.swift in Sources */,
				D1FFB58421AECF04001099E6 /* RecordEpisodeTableViewCell.swift in Sources */,
				D1FFB58E21AEF3A3001099E6 /* RxUIScrollView.swift in Sources */,
				D1F9143B21AA75C8006986A1 /* UIImage.swift in Sources */,
				D1B4F176217EBF200011BAFF /* LoginViewReactor.swift in Sources */,
				D1B4F167217EB5E60011BAFF /* RxUIViewController.swift in Sources */,
				D1FFB59A21B04693001099E6 /* SearchViewController.swift in Sources */,
				D1B4F178217EC0970011BAFF /* Constants.swift in Sources */,
				D123F254217CBD2500AE38FD /* AppDelegate.swift in Sources */,
				D1BCB8C4217F350A00B84F82 /* HTTPClient.swift in Sources */,
				D1F9143521AA74FA006986A1 /* NSMutableParagraphStyle.swift in Sources */,
				D1B4F174217EBB940011BAFF /* UIView.swift in Sources */,
				D1FFB57F21AE98DD001099E6 /* AnnictGraphQL.swift in Sources */,
				D1AF34C6219B4238004DD229 /* UICollectionView.swift in Sources */,
				D1AF34C1219B4042004DD229 /* UserInfoTableViewCell.swift in Sources */,
				D1621E0121862BA600819D93 /* PostRecordViewController.swift in Sources */,
				D136EA7121807E9500BA08EA /* APIService.swift in Sources */,
				D1621E0C2186BF5700819D93 /* API.swift in Sources */,
				D19718CF217E2ED3009B5F0F /* ObservableType.swift in Sources */,
				D1F9143921AA75A0006986A1 /* URLConvertible.swift in Sources */,
			);
			runOnlyForDeploymentPostprocessing = 0;
		};
/* End PBXSourcesBuildPhase section */

/* Begin PBXVariantGroup section */
		D123F25C217CBD2600AE38FD /* LaunchScreen.storyboard */ = {
			isa = PBXVariantGroup;
			children = (
				D123F25D217CBD2600AE38FD /* Base */,
			);
			name = LaunchScreen.storyboard;
			sourceTree = "<group>";
		};
/* End PBXVariantGroup section */

/* Begin XCBuildConfiguration section */
		D123F260217CBD2600AE38FD /* Debug */ = {
			isa = XCBuildConfiguration;
			buildSettings = {
				ALWAYS_SEARCH_USER_PATHS = NO;
				CLANG_ANALYZER_NONNULL = YES;
				CLANG_ANALYZER_NUMBER_OBJECT_CONVERSION = YES_AGGRESSIVE;
				CLANG_CXX_LANGUAGE_STANDARD = "gnu++14";
				CLANG_CXX_LIBRARY = "libc++";
				CLANG_ENABLE_MODULES = YES;
				CLANG_ENABLE_OBJC_ARC = YES;
				CLANG_ENABLE_OBJC_WEAK = YES;
				CLANG_WARN_BLOCK_CAPTURE_AUTORELEASING = YES;
				CLANG_WARN_BOOL_CONVERSION = YES;
				CLANG_WARN_COMMA = YES;
				CLANG_WARN_CONSTANT_CONVERSION = YES;
				CLANG_WARN_DEPRECATED_OBJC_IMPLEMENTATIONS = YES;
				CLANG_WARN_DIRECT_OBJC_ISA_USAGE = YES_ERROR;
				CLANG_WARN_DOCUMENTATION_COMMENTS = YES;
				CLANG_WARN_EMPTY_BODY = YES;
				CLANG_WARN_ENUM_CONVERSION = YES;
				CLANG_WARN_INFINITE_RECURSION = YES;
				CLANG_WARN_INT_CONVERSION = YES;
				CLANG_WARN_NON_LITERAL_NULL_CONVERSION = YES;
				CLANG_WARN_OBJC_IMPLICIT_RETAIN_SELF = YES;
				CLANG_WARN_OBJC_LITERAL_CONVERSION = YES;
				CLANG_WARN_OBJC_ROOT_CLASS = YES_ERROR;
				CLANG_WARN_RANGE_LOOP_ANALYSIS = YES;
				CLANG_WARN_STRICT_PROTOTYPES = YES;
				CLANG_WARN_SUSPICIOUS_MOVE = YES;
				CLANG_WARN_UNGUARDED_AVAILABILITY = YES_AGGRESSIVE;
				CLANG_WARN_UNREACHABLE_CODE = YES;
				CLANG_WARN__DUPLICATE_METHOD_MATCH = YES;
				CODE_SIGN_IDENTITY = "iPhone Developer";
				COPY_PHASE_STRIP = NO;
				DEBUG_INFORMATION_FORMAT = dwarf;
				ENABLE_STRICT_OBJC_MSGSEND = YES;
				ENABLE_TESTABILITY = YES;
				GCC_C_LANGUAGE_STANDARD = gnu11;
				GCC_DYNAMIC_NO_PIC = NO;
				GCC_NO_COMMON_BLOCKS = YES;
				GCC_OPTIMIZATION_LEVEL = 0;
				GCC_PREPROCESSOR_DEFINITIONS = (
					"DEBUG=1",
					"$(inherited)",
				);
				GCC_WARN_64_TO_32_BIT_CONVERSION = YES;
				GCC_WARN_ABOUT_RETURN_TYPE = YES_ERROR;
				GCC_WARN_UNDECLARED_SELECTOR = YES;
				GCC_WARN_UNINITIALIZED_AUTOS = YES_AGGRESSIVE;
				GCC_WARN_UNUSED_FUNCTION = YES;
				GCC_WARN_UNUSED_VARIABLE = YES;
				IPHONEOS_DEPLOYMENT_TARGET = 12.0;
				MTL_ENABLE_DEBUG_INFO = INCLUDE_SOURCE;
				MTL_FAST_MATH = YES;
				ONLY_ACTIVE_ARCH = YES;
				SDKROOT = iphoneos;
				SWIFT_ACTIVE_COMPILATION_CONDITIONS = DEBUG;
				SWIFT_OPTIMIZATION_LEVEL = "-Onone";
			};
			name = Debug;
		};
		D123F261217CBD2600AE38FD /* Release */ = {
			isa = XCBuildConfiguration;
			buildSettings = {
				ALWAYS_SEARCH_USER_PATHS = NO;
				CLANG_ANALYZER_NONNULL = YES;
				CLANG_ANALYZER_NUMBER_OBJECT_CONVERSION = YES_AGGRESSIVE;
				CLANG_CXX_LANGUAGE_STANDARD = "gnu++14";
				CLANG_CXX_LIBRARY = "libc++";
				CLANG_ENABLE_MODULES = YES;
				CLANG_ENABLE_OBJC_ARC = YES;
				CLANG_ENABLE_OBJC_WEAK = YES;
				CLANG_WARN_BLOCK_CAPTURE_AUTORELEASING = YES;
				CLANG_WARN_BOOL_CONVERSION = YES;
				CLANG_WARN_COMMA = YES;
				CLANG_WARN_CONSTANT_CONVERSION = YES;
				CLANG_WARN_DEPRECATED_OBJC_IMPLEMENTATIONS = YES;
				CLANG_WARN_DIRECT_OBJC_ISA_USAGE = YES_ERROR;
				CLANG_WARN_DOCUMENTATION_COMMENTS = YES;
				CLANG_WARN_EMPTY_BODY = YES;
				CLANG_WARN_ENUM_CONVERSION = YES;
				CLANG_WARN_INFINITE_RECURSION = YES;
				CLANG_WARN_INT_CONVERSION = YES;
				CLANG_WARN_NON_LITERAL_NULL_CONVERSION = YES;
				CLANG_WARN_OBJC_IMPLICIT_RETAIN_SELF = YES;
				CLANG_WARN_OBJC_LITERAL_CONVERSION = YES;
				CLANG_WARN_OBJC_ROOT_CLASS = YES_ERROR;
				CLANG_WARN_RANGE_LOOP_ANALYSIS = YES;
				CLANG_WARN_STRICT_PROTOTYPES = YES;
				CLANG_WARN_SUSPICIOUS_MOVE = YES;
				CLANG_WARN_UNGUARDED_AVAILABILITY = YES_AGGRESSIVE;
				CLANG_WARN_UNREACHABLE_CODE = YES;
				CLANG_WARN__DUPLICATE_METHOD_MATCH = YES;
				CODE_SIGN_IDENTITY = "iPhone Developer";
				COPY_PHASE_STRIP = NO;
				DEBUG_INFORMATION_FORMAT = "dwarf-with-dsym";
				ENABLE_NS_ASSERTIONS = NO;
				ENABLE_STRICT_OBJC_MSGSEND = YES;
				GCC_C_LANGUAGE_STANDARD = gnu11;
				GCC_NO_COMMON_BLOCKS = YES;
				GCC_WARN_64_TO_32_BIT_CONVERSION = YES;
				GCC_WARN_ABOUT_RETURN_TYPE = YES_ERROR;
				GCC_WARN_UNDECLARED_SELECTOR = YES;
				GCC_WARN_UNINITIALIZED_AUTOS = YES_AGGRESSIVE;
				GCC_WARN_UNUSED_FUNCTION = YES;
				GCC_WARN_UNUSED_VARIABLE = YES;
				IPHONEOS_DEPLOYMENT_TARGET = 12.0;
				MTL_ENABLE_DEBUG_INFO = NO;
				MTL_FAST_MATH = YES;
				SDKROOT = iphoneos;
				SWIFT_COMPILATION_MODE = wholemodule;
				SWIFT_OPTIMIZATION_LEVEL = "-O";
				VALIDATE_PRODUCT = YES;
			};
			name = Release;
		};
		D123F263217CBD2600AE38FD /* Debug */ = {
			isa = XCBuildConfiguration;
			baseConfigurationReference = CC015B11081256C34FD80D74 /* Pods-Annict-for-iOS.debug.xcconfig */;
			buildSettings = {
				ASSETCATALOG_COMPILER_APPICON_NAME = AppIcon;
				CODE_SIGN_STYLE = Automatic;
				DEVELOPMENT_TEAM = V8AZ23YEL4;
				FRAMEWORK_SEARCH_PATHS = (
					"$(inherited)",
					"$(PROJECT_DIR)/Carthage/Build/iOS",
				);
				INFOPLIST_FILE = "Annict-for-iOS/Info.plist";
				IPHONEOS_DEPLOYMENT_TARGET = 11.0;
				LD_RUNPATH_SEARCH_PATHS = (
					"$(inherited)",
					"@executable_path/Frameworks",
				);
				PRODUCT_BUNDLE_IDENTIFIER = "com.YutoAkiba.Annict-for-iOS";
				PRODUCT_NAME = "$(TARGET_NAME)";
				SWIFT_VERSION = 4.2;
				TARGETED_DEVICE_FAMILY = "1,2";
			};
			name = Debug;
		};
		D123F264217CBD2600AE38FD /* Release */ = {
			isa = XCBuildConfiguration;
			baseConfigurationReference = 4C866238FE78822277121123 /* Pods-Annict-for-iOS.release.xcconfig */;
			buildSettings = {
				ASSETCATALOG_COMPILER_APPICON_NAME = AppIcon;
				CODE_SIGN_STYLE = Automatic;
				DEVELOPMENT_TEAM = V8AZ23YEL4;
				FRAMEWORK_SEARCH_PATHS = (
					"$(inherited)",
					"$(PROJECT_DIR)/Carthage/Build/iOS",
				);
				INFOPLIST_FILE = "Annict-for-iOS/Info.plist";
				IPHONEOS_DEPLOYMENT_TARGET = 11.0;
				LD_RUNPATH_SEARCH_PATHS = (
					"$(inherited)",
					"@executable_path/Frameworks",
				);
				PRODUCT_BUNDLE_IDENTIFIER = "com.YutoAkiba.Annict-for-iOS";
				PRODUCT_NAME = "$(TARGET_NAME)";
				SWIFT_VERSION = 4.2;
				TARGETED_DEVICE_FAMILY = "1,2";
			};
			name = Release;
		};
/* End XCBuildConfiguration section */

/* Begin XCConfigurationList section */
		D123F24B217CBD2500AE38FD /* Build configuration list for PBXProject "Annict-for-iOS" */ = {
			isa = XCConfigurationList;
			buildConfigurations = (
				D123F260217CBD2600AE38FD /* Debug */,
				D123F261217CBD2600AE38FD /* Release */,
			);
			defaultConfigurationIsVisible = 0;
			defaultConfigurationName = Release;
		};
		D123F262217CBD2600AE38FD /* Build configuration list for PBXNativeTarget "Annict-for-iOS" */ = {
			isa = XCConfigurationList;
			buildConfigurations = (
				D123F263217CBD2600AE38FD /* Debug */,
				D123F264217CBD2600AE38FD /* Release */,
			);
			defaultConfigurationIsVisible = 0;
			defaultConfigurationName = Release;
		};
/* End XCConfigurationList section */
	};
	rootObject = D123F248217CBD2500AE38FD /* Project object */;
}
